{
  "version": 4,
  "terraform_version": "1.11.2",
  "serial": 188,
  "lineage": "506cce60-de1e-d774-4e03-5214d8f389b9",
  "outputs": {
    "alb_dns_name": {
      "value": "hl-api-alb-1496841054.us-east-1.elb.amazonaws.com",
      "type": "string"
    },
    "private_subnet_ids": {
      "value": [
        "subnet-0e53a6a37381663e4",
        "subnet-0b8e95603c91d7d47"
      ],
      "type": [
        "tuple",
        [
          "string",
          "string"
        ]
      ]
    },
    "public_subnet_ids": {
      "value": [
        "subnet-0e1235f7d08135436",
        "subnet-009deb9a38c209116"
      ],
      "type": [
        "tuple",
        [
          "string",
          "string"
        ]
      ]
    },
    "rds_db_name": {
      "value": "hldeals",
      "type": "string"
    },
    "rds_endpoint": {
      "value": "hl-deals-db-dev.cav0kksicv9i.us-east-1.rds.amazonaws.com:1433",
      "type": "string"
    },
    "s3_bucket_name": {
      "value": "hl-deals-web-dev",
      "type": "string"
    },
    "vpc_id": {
      "value": "vpc-0a329bfbbe0542538",
      "type": "string"
    }
  },
  "resources": [
    {
      "mode": "data",
      "type": "aws_ami",
      "name": "amazon_linux_2",
      "provider": "provider[\"registry.terraform.io/hashicorp/aws\"]",
      "instances": [
        {
          "schema_version": 0,
          "attributes": {
            "allow_unsafe_filter": null,
            "architecture": "x86_64",
            "arn": "arn:aws:ec2:us-east-1::image/ami-0254b2d5c4c472488",
            "block_device_mappings": [
              {
                "device_name": "/dev/xvda",
                "ebs": {
                  "delete_on_termination": "true",
                  "encrypted": "false",
                  "iops": "0",
                  "snapshot_id": "snap-021c2006747d6b7e6",
                  "throughput": "0",
                  "volume_initialization_rate": "0",
                  "volume_size": "8",
                  "volume_type": "gp2"
                },
                "no_device": "",
                "virtual_name": ""
              }
            ],
            "boot_mode": "",
            "creation_date": "2025-09-10T19:04:06.000Z",
            "deprecation_time": "2025-12-09T19:04:00.000Z",
            "description": "Amazon Linux 2 AMI 2.0.20250915.0 x86_64 HVM gp2",
            "ena_support": true,
            "executable_users": null,
            "filter": [
              {
                "name": "name",
                "values": [
                  "amzn2-ami-hvm-*-x86_64-gp2"
                ]
              },
              {
                "name": "virtualization-type",
                "values": [
                  "hvm"
                ]
              }
            ],
            "hypervisor": "xen",
            "id": "ami-0254b2d5c4c472488",
            "image_id": "ami-0254b2d5c4c472488",
            "image_location": "amazon/amzn2-ami-hvm-2.0.20250915.0-x86_64-gp2",
            "image_owner_alias": "amazon",
            "image_type": "machine",
            "imds_support": "",
            "include_deprecated": false,
            "kernel_id": "",
            "last_launched_time": "",
            "most_recent": true,
            "name": "amzn2-ami-hvm-2.0.20250915.0-x86_64-gp2",
            "name_regex": null,
            "owner_id": "137112412989",
            "owners": [
              "amazon"
            ],
            "platform": "",
            "platform_details": "Linux/UNIX",
            "product_codes": [],
            "public": true,
            "ramdisk_id": "",
            "region": "us-east-1",
            "root_device_name": "/dev/xvda",
            "root_device_type": "ebs",
            "root_snapshot_id": "snap-021c2006747d6b7e6",
            "sriov_net_support": "simple",
            "state": "available",
            "state_reason": {
              "code": "UNSET",
              "message": "UNSET"
            },
            "tags": {},
            "timeouts": null,
            "tpm_support": "",
            "uefi_data": null,
            "usage_operation": "RunInstances",
            "virtualization_type": "hvm"
          },
          "sensitive_attributes": []
        }
      ]
    },
    {
      "mode": "managed",
      "type": "aws_cloudwatch_log_group",
      "name": "hl_api",
      "provider": "provider[\"registry.terraform.io/hashicorp/aws\"]",
      "instances": [
        {
          "schema_version": 0,
          "attributes": {
            "arn": "arn:aws:logs:us-east-1:144776104140:log-group:/ecs/hl-api",
            "id": "/ecs/hl-api",
            "kms_key_id": "",
            "log_group_class": "STANDARD",
            "name": "/ecs/hl-api",
            "name_prefix": "",
            "region": "us-east-1",
            "retention_in_days": 7,
            "skip_destroy": false,
            "tags": {},
            "tags_all": {}
          },
          "sensitive_attributes": [],
          "private": "bnVsbA=="
        }
      ]
    },
    {
      "mode": "managed",
      "type": "aws_ecs_service",
      "name": "hl_api",
      "provider": "provider[\"registry.terraform.io/hashicorp/aws\"]",
      "instances": [
        {
          "schema_version": 1,
          "attributes": {
            "alarms": [],
            "arn": "arn:aws:ecs:us-east-1:144776104140:service/hl-ecs-cluster/hl-api-service",
            "availability_zone_rebalancing": "ENABLED",
            "capacity_provider_strategy": [],
            "cluster": "arn:aws:ecs:us-east-1:144776104140:cluster/hl-ecs-cluster",
            "deployment_circuit_breaker": [
              {
                "enable": false,
                "rollback": false
              }
            ],
            "deployment_configuration": [
              {
                "bake_time_in_minutes": "0",
                "lifecycle_hook": [],
                "strategy": "ROLLING"
              }
            ],
            "deployment_controller": [
              {
                "type": "ECS"
              }
            ],
            "deployment_maximum_percent": 200,
            "deployment_minimum_healthy_percent": 100,
            "desired_count": 1,
            "enable_ecs_managed_tags": false,
            "enable_execute_command": false,
            "force_delete": null,
            "force_new_deployment": null,
            "health_check_grace_period_seconds": 60,
            "iam_role": "/aws-service-role/ecs.amazonaws.com/AWSServiceRoleForECS",
            "id": "arn:aws:ecs:us-east-1:144776104140:service/hl-ecs-cluster/hl-api-service",
            "launch_type": "FARGATE",
            "load_balancer": [
              {
                "advanced_configuration": [],
                "container_name": "hl-api",
                "container_port": 8080,
                "elb_name": "",
                "target_group_arn": "arn:aws:elasticloadbalancing:us-east-1:144776104140:targetgroup/hl-api-9967/8dad8aaabc695970"
              }
            ],
            "name": "hl-api-service",
            "network_configuration": [
              {
                "assign_public_ip": false,
                "security_groups": [
                  "sg-0d037a44f14edb670"
                ],
                "subnets": [
                  "subnet-0b8e95603c91d7d47",
                  "subnet-0e53a6a37381663e4"
                ]
              }
            ],
            "ordered_placement_strategy": [],
            "placement_constraints": [],
            "platform_version": "LATEST",
            "propagate_tags": "NONE",
            "region": "us-east-1",
            "scheduling_strategy": "REPLICA",
            "service_connect_configuration": [],
            "service_registries": [],
            "sigint_rollback": null,
            "tags": {},
            "tags_all": {},
            "task_definition": "arn:aws:ecs:us-east-1:144776104140:task-definition/hl-api-task:45",
            "timeouts": null,
            "triggers": {},
            "volume_configuration": [],
            "vpc_lattice_configurations": [],
            "wait_for_steady_state": false
          },
          "sensitive_attributes": [],
          "private": "eyJlMmJmYjczMC1lY2FhLTExZTYtOGY4OC0zNDM2M2JjN2M0YzAiOnsiY3JlYXRlIjoxMjAwMDAwMDAwMDAwLCJkZWxldGUiOjEyMDAwMDAwMDAwMDAsInVwZGF0ZSI6MTIwMDAwMDAwMDAwMH0sInNjaGVtYV92ZXJzaW9uIjoiMSJ9",
          "dependencies": [
            "aws_ecs_task_definition.hl_api",
            "aws_iam_role.ecs_task_execution_role",
            "aws_lb.api_alb",
            "aws_lb_listener.http",
            "aws_lb_target_group.api_tg",
            "aws_security_group.alb_sg",
            "aws_security_group.ecs_sg",
            "module.ecr.aws_ecr_repository.this",
            "module.ecr.aws_ecrpublic_repository.this",
            "module.ecs_cluster.module.cluster.aws_cloudwatch_log_group.this",
            "module.ecs_cluster.module.cluster.aws_ecs_cluster.this",
            "module.network.aws_subnet.private",
            "module.network.aws_subnet.public",
            "module.network.aws_vpc.this",
            "module.network.aws_vpc_ipv4_cidr_block_association.this",
            "random_id.tg"
          ]
        }
      ]
    },
    {
      "mode": "managed",
      "type": "aws_ecs_task_definition",
      "name": "hl_api",
      "provider": "provider[\"registry.terraform.io/hashicorp/aws\"]",
      "instances": [
        {
          "schema_version": 1,
          "attributes": {
            "arn": "arn:aws:ecs:us-east-1:144776104140:task-definition/hl-api-task:45",
            "arn_without_revision": "arn:aws:ecs:us-east-1:144776104140:task-definition/hl-api-task",
            "container_definitions": "[{\"environment\":[{\"name\":\"ASPNETCORE_ENVIRONMENT\",\"value\":\"Production\"},{\"name\":\"ASPNETCORE_URLS\",\"value\":\"http://+:8080\"},{\"name\":\"ConnectionStrings__DefaultConnection\",\"value\":\"Server=hl-deals-db-dev.cav0kksicv9i.us-east-1.rds.amazonaws.com,1433;Database=hldeals;User Id=hladmin;Password=***REDACTED***!;TrustServerCertificate=True;MultipleActiveResultSets=True;Encrypt=False\"},{\"name\":\"Jwt__Audience\",\"value\":\"hl-client\"},{\"name\":\"Jwt__Issuer\",\"value\":\"hl-api\"},{\"name\":\"Jwt__Key\",\"value\":\"your-super-secure-jwt-signing-key-32chars-minimum!\"}],\"essential\":true,\"image\":\"144776104140.dkr.ecr.us-east-1.amazonaws.com/hl-api:latest\",\"logConfiguration\":{\"logDriver\":\"awslogs\",\"options\":{\"awslogs-stream-prefix\":\"ecs\",\"awslogs-group\":\"/ecs/hl-api\",\"awslogs-region\":\"us-east-1\"}},\"mountPoints\":[],\"name\":\"hl-api\",\"portMappings\":[{\"containerPort\":8080,\"hostPort\":8080,\"protocol\":\"tcp\"}],\"systemControls\":[],\"volumesFrom\":[]}]",
            "cpu": "512",
            "enable_fault_injection": false,
            "ephemeral_storage": [],
            "execution_role_arn": "arn:aws:iam::144776104140:role/hl-task-exec-role",
            "family": "hl-api-task",
            "id": "hl-api-task",
            "ipc_mode": "",
            "memory": "1024",
            "network_mode": "awsvpc",
            "pid_mode": "",
            "placement_constraints": [],
            "proxy_configuration": [],
            "region": "us-east-1",
            "requires_compatibilities": [
              "FARGATE"
            ],
            "revision": 45,
            "runtime_platform": [],
            "skip_destroy": false,
            "tags": null,
            "tags_all": {},
            "task_role_arn": "",
            "track_latest": false,
            "volume": []
          },
          "sensitive_attributes": [
            [
              {
                "type": "get_attr",
                "value": "container_definitions"
              }
            ]
          ],
          "private": "eyJzY2hlbWFfdmVyc2lvbiI6IjEifQ==",
          "dependencies": [
            "aws_iam_role.ecs_task_execution_role",
            "module.ecr.aws_ecr_repository.this",
            "module.ecr.aws_ecrpublic_repository.this"
          ]
        }
      ]
    },
    {
      "mode": "managed",
      "type": "aws_iam_instance_profile",
      "name": "bastion_profile",
      "provider": "provider[\"registry.terraform.io/hashicorp/aws\"]",
      "instances": [
        {
          "schema_version": 0,
          "attributes": {
            "arn": "arn:aws:iam::144776104140:instance-profile/hl-bastion-ssm-profile-dev",
            "create_date": "2025-09-20T19:55:15Z",
            "id": "hl-bastion-ssm-profile-dev",
            "name": "hl-bastion-ssm-profile-dev",
            "name_prefix": "",
            "path": "/",
            "role": "hl-bastion-ssm-role-dev",
            "tags": {},
            "tags_all": {},
            "unique_id": "AIPASDNKUBDGI3UZ6FYXW"
          },
          "sensitive_attributes": [],
          "private": "bnVsbA==",
          "dependencies": [
            "aws_iam_role.bastion_ssm_role"
          ],
          "create_before_destroy": true
        }
      ]
    },
    {
      "mode": "managed",
      "type": "aws_iam_role",
      "name": "bastion_ssm_role",
      "provider": "provider[\"registry.terraform.io/hashicorp/aws\"]",
      "instances": [
        {
          "schema_version": 0,
          "attributes": {
            "arn": "arn:aws:iam::144776104140:role/hl-bastion-ssm-role-dev",
            "assume_role_policy": "{\"Statement\":[{\"Action\":\"sts:AssumeRole\",\"Effect\":\"Allow\",\"Principal\":{\"Service\":\"ec2.amazonaws.com\"}}],\"Version\":\"2012-10-17\"}",
            "create_date": "2025-09-20T19:55:14Z",
            "description": "",
            "force_detach_policies": false,
            "id": "hl-bastion-ssm-role-dev",
            "inline_policy": [],
            "managed_policy_arns": [
              "arn:aws:iam::aws:policy/AmazonSSMManagedInstanceCore"
            ],
            "max_session_duration": 3600,
            "name": "hl-bastion-ssm-role-dev",
            "name_prefix": "",
            "path": "/",
            "permissions_boundary": "",
            "tags": {
              "Name": "hl-bastion-ssm-role-dev",
              "Purpose": "Database Administration via SSM"
            },
            "tags_all": {
              "Name": "hl-bastion-ssm-role-dev",
              "Purpose": "Database Administration via SSM"
            },
            "unique_id": "AROASDNKUBDGO5ZEVEDRJ"
          },
          "sensitive_attributes": [],
          "private": "bnVsbA==",
          "create_before_destroy": true
        }
      ]
    },
    {
      "mode": "managed",
      "type": "aws_iam_role",
      "name": "ecs_task_execution_role",
      "provider": "provider[\"registry.terraform.io/hashicorp/aws\"]",
      "instances": [
        {
          "schema_version": 0,
          "attributes": {
            "arn": "arn:aws:iam::144776104140:role/hl-task-exec-role",
            "assume_role_policy": "{\"Statement\":[{\"Action\":\"sts:AssumeRole\",\"Effect\":\"Allow\",\"Principal\":{\"Service\":\"ecs-tasks.amazonaws.com\"}}],\"Version\":\"2012-10-17\"}",
            "create_date": "2025-09-12T21:10:02Z",
            "description": "",
            "force_detach_policies": false,
            "id": "hl-task-exec-role",
            "inline_policy": [],
            "managed_policy_arns": [
              "arn:aws:iam::aws:policy/service-role/AmazonECSTaskExecutionRolePolicy"
            ],
            "max_session_duration": 3600,
            "name": "hl-task-exec-role",
            "name_prefix": "",
            "path": "/",
            "permissions_boundary": "",
            "tags": {},
            "tags_all": {},
            "unique_id": "AROASDNKUBDGD77BDQHPK"
          },
          "sensitive_attributes": [],
          "private": "bnVsbA=="
        }
      ]
    },
    {
      "mode": "managed",
      "type": "aws_iam_role_policy_attachment",
      "name": "bastion_ssm_policy",
      "provider": "provider[\"registry.terraform.io/hashicorp/aws\"]",
      "instances": [
        {
          "schema_version": 0,
          "attributes": {
            "id": "hl-bastion-ssm-role-dev/arn:aws:iam::aws:policy/AmazonSSMManagedInstanceCore",
            "policy_arn": "arn:aws:iam::aws:policy/AmazonSSMManagedInstanceCore",
            "role": "hl-bastion-ssm-role-dev"
          },
          "sensitive_attributes": [],
          "private": "bnVsbA==",
          "dependencies": [
            "aws_iam_role.bastion_ssm_role"
          ]
        }
      ]
    },
    {
      "mode": "managed",
      "type": "aws_iam_role_policy_attachment",
      "name": "ecs_task_exec_attach",
      "provider": "provider[\"registry.terraform.io/hashicorp/aws\"]",
      "instances": [
        {
          "schema_version": 0,
          "attributes": {
            "id": "hl-task-exec-role/arn:aws:iam::aws:policy/service-role/AmazonECSTaskExecutionRolePolicy",
            "policy_arn": "arn:aws:iam::aws:policy/service-role/AmazonECSTaskExecutionRolePolicy",
            "role": "hl-task-exec-role"
          },
          "sensitive_attributes": [],
          "private": "bnVsbA==",
          "dependencies": [
            "aws_iam_role.ecs_task_execution_role"
          ]
        }
      ]
    },
    {
      "mode": "managed",
      "type": "aws_instance",
      "name": "bastion",
      "provider": "provider[\"registry.terraform.io/hashicorp/aws\"]",
      "instances": [
        {
          "schema_version": 2,
          "attributes": {
            "ami": "ami-0254b2d5c4c472488",
            "arn": "arn:aws:ec2:us-east-1:144776104140:instance/i-0879722f32be98e95",
            "associate_public_ip_address": false,
            "availability_zone": "us-east-1a",
            "capacity_reservation_specification": [
              {
                "capacity_reservation_preference": "open",
                "capacity_reservation_target": []
              }
            ],
            "cpu_options": [
              {
                "amd_sev_snp": "",
                "core_count": 1,
                "threads_per_core": 2
              }
            ],
            "credit_specification": [
              {
                "cpu_credits": "unlimited"
              }
            ],
            "disable_api_stop": false,
            "disable_api_termination": false,
            "ebs_block_device": [],
            "ebs_optimized": false,
            "enable_primary_ipv6": null,
            "enclave_options": [
              {
                "enabled": false
              }
            ],
            "ephemeral_block_device": [],
            "force_destroy": false,
            "get_password_data": false,
            "hibernation": false,
            "host_id": "",
            "host_resource_group_arn": null,
            "iam_instance_profile": "hl-bastion-ssm-profile-dev",
            "id": "i-0879722f32be98e95",
            "instance_initiated_shutdown_behavior": "stop",
            "instance_lifecycle": "",
            "instance_market_options": [],
            "instance_state": "running",
            "instance_type": "t3.nano",
            "ipv6_address_count": 0,
            "ipv6_addresses": [],
            "key_name": "",
            "launch_template": [],
            "maintenance_options": [
              {
                "auto_recovery": "default"
              }
            ],
            "metadata_options": [
              {
                "http_endpoint": "enabled",
                "http_protocol_ipv6": "disabled",
                "http_put_response_hop_limit": 1,
                "http_tokens": "optional",
                "instance_metadata_tags": "disabled"
              }
            ],
            "monitoring": true,
            "network_interface": [],
            "outpost_arn": "",
            "password_data": "",
            "placement_group": "",
            "placement_group_id": "",
            "placement_partition_number": 0,
            "primary_network_interface": [
              {
                "delete_on_termination": true,
                "network_interface_id": "eni-0b58351c037a26f88"
              }
            ],
            "primary_network_interface_id": "eni-0b58351c037a26f88",
            "private_dns": "ip-10-0-1-127.ec2.internal",
            "private_dns_name_options": [
              {
                "enable_resource_name_dns_a_record": false,
                "enable_resource_name_dns_aaaa_record": false,
                "hostname_type": "ip-name"
              }
            ],
            "private_ip": "10.0.1.127",
            "public_dns": "",
            "public_ip": "",
            "region": "us-east-1",
            "root_block_device": [
              {
                "delete_on_termination": true,
                "device_name": "/dev/xvda",
                "encrypted": true,
                "iops": 100,
                "kms_key_id": "arn:aws:kms:us-east-1:144776104140:key/8d6970cb-ebb0-45f9-9f26-146adf663d16",
                "tags": {},
                "tags_all": {},
                "throughput": 0,
                "volume_id": "vol-042421ddcf1b2aecb",
                "volume_size": 8,
                "volume_type": "gp2"
              }
            ],
            "secondary_private_ips": [],
            "security_groups": [],
            "source_dest_check": true,
            "spot_instance_request_id": "",
            "subnet_id": "subnet-0e53a6a37381663e4",
            "tags": {
              "AccessMethod": "SSM Session Manager",
              "Environment": "dev",
              "Name": "hl-bastion-ssm-dev",
              "Purpose": "Database Administration Host"
            },
            "tags_all": {
              "AccessMethod": "SSM Session Manager",
              "Environment": "dev",
              "Name": "hl-bastion-ssm-dev",
              "Purpose": "Database Administration Host"
            },
            "tenancy": "default",
            "timeouts": null,
            "user_data": "#!/bin/bash\n\n# SSM Bastion Host Setup Script\n# This script configures AWS Session Manager bastion host for database administration\n\n# Update system packages\nyum update -y\n\n# Install and start SSM Agent (usually pre-installed, but ensure it's running)\nif ! systemctl is-enabled amazon-ssm-agent 2\u003e/dev/null; then\n    systemctl enable amazon-ssm-agent\n    systemctl start amazon-ssm-agent\nfi\n\n# Install Microsoft SQL Tools for database administration\ncurl -s https://packages.microsoft.com/keys/microsoft.asc | gpg --dearmor \u003e /etc/pki/rpm-gpg/microsoft.asc.key\ncurl -s https://packages.microsoft.com/config/rhel/7/prod.repo \u003e /etc/yum.repos.d/microsoft-prod.repo\nyum install -y mssql-tools unixODBC-devel\n\n# Configure PATH for SQL Tools\necho 'export PATH=\"$PATH:/opt/mssql-tools/bin\"' \u003e\u003e ~/.bashrc\necho 'export PATH=\"$PATH:/opt/mssql-tools/bin\"' \u003e\u003e /home/ec2-user/.bashrc\n\n# Create database connection test script\ncat \u003e /home/ec2-user/test-db-connection.sh \u003c\u003c 'EOF'\n#!/bin/bash\n\n# Database Connection Test Script for HL Deals Bastion\necho \"🔌 Testing RDS SQL Server Connection...\"\necho \"=======================================\"\n\n# Database connection parameters (passed from Terraform)\nRDS_ENDPOINT=\"${rds_endpoint}\"\nDB_USER=\"${db_username}\"\nDB_PASS=\"${db_password}\"\nDB_NAME=\"${db_name}\"\n\necho \"📊 Connection Details:\"\necho \"  Server: $RDS_ENDPOINT\"\necho \"  Database: $DB_NAME\"\necho \"  User: $DB_USER\"\necho \"\"\n\necho \"🔍 Attempting database connection...\"\nsqlcmd -S \"$RDS_ENDPOINT\" -U \"$DB_USER\" -P \"$DB_PASS\" -d \"$DB_NAME\" \\\n  -Q \"SELECT TOP 1 @@VERSION AS SqlVersion; SELECT DB_NAME() AS CurrentDB;\" \\\n  -b -o /tmp/db_test_result.txt 2\u003e/tmp/db_test_error.txt\n\nif [ $? -eq 0 ]; then\n    echo \"\"\n    echo \"✅ DATABASE CONNECTION SUCCESSFUL!\"\n    echo \"\"\n    echo \"📋 SQL Server Information:\"\n    echo \"---------------------------\"\n    cat /tmp/db_test_result.txt\n    echo \"\"\n    echo \"🛠️  Available Database Administration Tools:\"\n    echo \"  • sqlcmd (SQL Server Commander)\"\n    echo \"  • bcp (Bulk Copy Program)\"\n    echo \"  • SQL Server Management Tools (via sqlcmd)\"\n    echo \"\"\n    echo \"📝 Usage Examples:\"\n    echo \"  # Interactive SQL:\"\n    echo \"  sqlcmd -S $RDS_ENDPOINT -U $DB_USER -P 'your_password' -d $DB_NAME\"\n    echo \"\"\n    echo \"  # Run SQL file:\"\n    echo \"  sqlcmd -S $RDS_ENDPOINT -U $DB_USER -P 'your_password' -d $DB_NAME -i query.sql\"\n    echo \"\"\n    echo \"  # Bulk operations:\"\n    echo \"  bcp 'SELECT * FROM deals' queryout deals.csv -S \\$RDS_ENDPOINT -U \\$DB_USER -P 'your_password' -d \\$DB_NAME -c -t '\\\\t'\"\n    echo \"\"\n    echo \"🎉 You are ready to administer the HL Deals database!\"\nelse\n    echo \"\"\n    echo \"❌ DATABASE CONNECTION FAILED\"\n    echo \"===============================\"\n    echo \"Possible issues:\"\n    echo \"• Network connectivity blocked (check security groups)\"\n    echo \"• Database credentials incorrect\"\n    echo \"• Database server unreachable\"\n    echo \"• MSSQL tools installation problem\"\n    echo \"\"\n    echo \"🔧 Troubleshooting steps:\"\n    echo \"1. Check VPC security group rules\"\n    echo \"2. Verify database endpoint and port\"\n    echo \"3. Validate credentials\"\n    echo \"4. Test with: nc -zv $RDS_ENDPOINT.split(\",\")[0] ${RDS_ENDPOINT.split(\",\")[1]}\"\n    echo \"\"\n    if [ -f /tmp/db_test_error.txt ]; then\n        echo \"📋 Detailed Error:\"\n        cat /tmp/db_test_error.txt\n    fi\nfi\nEOF\n\n# Make test script executable and set ownership\nchmod +x /home/ec2-user/test-db-connection.sh\nchown ec2-user:ec2-user /home/ec2-user/test-db-connection.sh\n\n# Create welcome message for SSM sessions\ncat \u003e /home/ec2-user/.bashrc \u003c\u003c 'EOF'\n# Welcome message for HL Deals Bastion\nif [ \"$PS1\" ]; then\n    echo \"🏗️  HL Deals Database Administration Bastion\"\n    echo \"============================================\"\n    echo \"✅ SSM Session Manager access - No IP restrictions required!\"\n    echo \"\"\n    echo \"🛠️  Available tools:\"\n    echo \"  • sqlcmd - SQL Server command-line tool\"\n    echo \"  • test-db-connection.sh - Test database connectivity\"\n    echo \"\"\n    echo \"📚 Quick Start:\"\n    echo \"  ./test-db-connection.sh          # Test DB connection\"\n    echo \"  sqlcmd -S \u003cendpoint\u003e -U user -P pwd -d db    # Interactive SQL\"\n    echo \"\"\n    echo \"🔥 Your database is: hl-deals-db-dev\"\n    echo \"\"\nfi\nEOF\n\nchown ec2-user:ec2-user /home/ec2-user/.bashrc\n\n# Create documentation file\ncat \u003e /home/ec2-user/README-BASTION.txt \u003c\u003c 'EOF'\n# HL Deals Database Administration Bastion\n#\n# This bastion host provides secure access to the HL Deals database\n# via AWS Systems Manager Session Manager.\n#\n# 🛡️  Security:\n# • Access controlled by AWS IAM (no SSH keys)\n# • All sessions logged in CloudTrail\n# • No public internet exposure\n# • Works from anywhere without IP restrictions\n#\n# 🗄️  Database Connection:\n# • Server: hl-deals-db-dev.cav0kksicv9i.us-east-1.rds.amazonaws.com,1433\n# • Database: hldeals\n# • Type: SQL Server (Microsoft)\n#\n# 🚀 Quick Start:\n# 1. Test connection: ./test-db-connection.sh\n# 2. Interactive SQL: sqlcmd -S \u003cendpoint\u003e -U \u003cuser\u003e -P \u003cpass\u003e -d hldeals\n# 3. Run migrations: sqlcmd -i migration.sql -S \u003cendpoint\u003e -U \u003cuser\u003e -P \u003cpass\u003e\n#\n# 📋 Available Tools:\n# • SQL Server Command Line Tools (sqlcmd, bcp)\n# • Connection test scripts\n# • Standard AWS CLI tools (already available)\nEOF\n\nchown ec2-user:ec2-user /home/ec2-user/README-BASTION.txt\n\n# Install additional useful tools for database administration\nyum install -y jq curl wget htop\n\n# Create system information script\ncat \u003e /home/ec2-user/system-info.sh \u003c\u003c 'EOF'\n#!/bin/bash\necho \"🔧 HL Bastion System Information\"\necho \"===============================\"\necho \"Instance ID:  $(ec2-metadata -i)\"\necho \"Public IP:    $(ec2-metadata -v)\"\necho \"Region:       $(ec2-metadata -z | sed 's/.*\\(us-[a-z]*-[0-9]*\\).*/\\1/')\"\necho \"Uptime:       $(uptime)\"\necho \"\"\necho \"🗄️  Database Access:\"\necho \"• Endpoint: hl-deals-db-dev.cav0kksicv9i.us-east-1.rds.amazonaws.com:1433\"\necho \"• Database: hldeals\"\necho \"• Tools: sqlcmd, bcp\"\nEOF\n\nchmod +x /home/ec2-user/system-info.sh\nchown ec2-user:ec2-user /home/ec2-user/system-info.sh\n\necho \"✅ SSM Bastion setup complete!\"\necho \"🔥 Ready for database administration via Session Manager\"\n",
            "user_data_base64": null,
            "user_data_replace_on_change": false,
            "volume_tags": null,
            "vpc_security_group_ids": [
              "sg-0d406fdbb97318109"
            ]
          },
          "sensitive_attributes": [
            [
              {
                "type": "get_attr",
                "value": "user_data"
              }
            ]
          ],
          "private": "eyJlMmJmYjczMC1lY2FhLTExZTYtOGY4OC0zNDM2M2JjN2M0YzAiOnsiY3JlYXRlIjo2MDAwMDAwMDAwMDAsImRlbGV0ZSI6MTIwMDAwMDAwMDAwMCwicmVhZCI6OTAwMDAwMDAwMDAwLCJ1cGRhdGUiOjYwMDAwMDAwMDAwMH0sInNjaGVtYV92ZXJzaW9uIjoiMiJ9",
          "dependencies": [
            "aws_iam_instance_profile.bastion_profile",
            "aws_iam_role.bastion_ssm_role",
            "aws_security_group.bastion_sg",
            "data.aws_ami.amazon_linux_2",
            "module.network.aws_subnet.private",
            "module.network.aws_vpc.this",
            "module.network.aws_vpc_ipv4_cidr_block_association.this"
          ],
          "create_before_destroy": true
        }
      ]
    },
    {
      "mode": "managed",
      "type": "aws_lb",
      "name": "api_alb",
      "provider": "provider[\"registry.terraform.io/hashicorp/aws\"]",
      "instances": [
        {
          "schema_version": 0,
          "attributes": {
            "access_logs": [
              {
                "bucket": "",
                "enabled": false,
                "prefix": ""
              }
            ],
            "arn": "arn:aws:elasticloadbalancing:us-east-1:144776104140:loadbalancer/app/hl-api-alb/a7e6fd05f4078d1b",
            "arn_suffix": "app/hl-api-alb/a7e6fd05f4078d1b",
            "client_keep_alive": 3600,
            "connection_logs": [
              {
                "bucket": "",
                "enabled": false,
                "prefix": ""
              }
            ],
            "customer_owned_ipv4_pool": "",
            "desync_mitigation_mode": "defensive",
            "dns_name": "hl-api-alb-1496841054.us-east-1.elb.amazonaws.com",
            "dns_record_client_routing_policy": null,
            "drop_invalid_header_fields": false,
            "enable_cross_zone_load_balancing": true,
            "enable_deletion_protection": false,
            "enable_http2": true,
            "enable_tls_version_and_cipher_suite_headers": false,
            "enable_waf_fail_open": false,
            "enable_xff_client_port": false,
            "enable_zonal_shift": false,
            "enforce_security_group_inbound_rules_on_private_link_traffic": "",
            "id": "arn:aws:elasticloadbalancing:us-east-1:144776104140:loadbalancer/app/hl-api-alb/a7e6fd05f4078d1b",
            "idle_timeout": 60,
            "internal": false,
            "ip_address_type": "ipv4",
            "ipam_pools": [],
            "load_balancer_type": "application",
            "minimum_load_balancer_capacity": [],
            "name": "hl-api-alb",
            "name_prefix": "",
            "preserve_host_header": false,
            "region": "us-east-1",
            "secondary_ips_auto_assigned_per_subnet": null,
            "security_groups": [
              "sg-0e43e874e4ccb97fb"
            ],
            "subnet_mapping": [
              {
                "allocation_id": "",
                "ipv6_address": "",
                "outpost_id": "",
                "private_ipv4_address": "",
                "subnet_id": "subnet-009deb9a38c209116"
              },
              {
                "allocation_id": "",
                "ipv6_address": "",
                "outpost_id": "",
                "private_ipv4_address": "",
                "subnet_id": "subnet-0e1235f7d08135436"
              }
            ],
            "subnets": [
              "subnet-009deb9a38c209116",
              "subnet-0e1235f7d08135436"
            ],
            "tags": {},
            "tags_all": {},
            "timeouts": null,
            "vpc_id": "vpc-0a329bfbbe0542538",
            "xff_header_processing_mode": "append",
            "zone_id": "Z35SXDOTRQ7X7K"
          },
          "sensitive_attributes": [],
          "private": "eyJlMmJmYjczMC1lY2FhLTExZTYtOGY4OC0zNDM2M2JjN2M0YzAiOnsiY3JlYXRlIjo2MDAwMDAwMDAwMDAsImRlbGV0ZSI6NjAwMDAwMDAwMDAwLCJ1cGRhdGUiOjYwMDAwMDAwMDAwMH19",
          "dependencies": [
            "aws_security_group.alb_sg",
            "module.network.aws_subnet.public",
            "module.network.aws_vpc.this",
            "module.network.aws_vpc_ipv4_cidr_block_association.this"
          ]
        }
      ]
    },
    {
      "mode": "managed",
      "type": "aws_lb_listener",
      "name": "http",
      "provider": "provider[\"registry.terraform.io/hashicorp/aws\"]",
      "instances": [
        {
          "schema_version": 0,
          "attributes": {
            "alpn_policy": null,
            "arn": "arn:aws:elasticloadbalancing:us-east-1:144776104140:listener/app/hl-api-alb/a7e6fd05f4078d1b/8d87fe6be68eb38f",
            "certificate_arn": null,
            "default_action": [
              {
                "authenticate_cognito": [],
                "authenticate_oidc": [],
                "fixed_response": [],
                "forward": [],
                "order": 1,
                "redirect": [],
                "target_group_arn": "arn:aws:elasticloadbalancing:us-east-1:144776104140:targetgroup/hl-api-9967/8dad8aaabc695970",
                "type": "forward"
              }
            ],
            "id": "arn:aws:elasticloadbalancing:us-east-1:144776104140:listener/app/hl-api-alb/a7e6fd05f4078d1b/8d87fe6be68eb38f",
            "load_balancer_arn": "arn:aws:elasticloadbalancing:us-east-1:144776104140:loadbalancer/app/hl-api-alb/a7e6fd05f4078d1b",
            "mutual_authentication": [],
            "port": 80,
            "protocol": "HTTP",
            "region": "us-east-1",
            "routing_http_request_x_amzn_mtls_clientcert_header_name": null,
            "routing_http_request_x_amzn_mtls_clientcert_issuer_header_name": null,
            "routing_http_request_x_amzn_mtls_clientcert_leaf_header_name": null,
            "routing_http_request_x_amzn_mtls_clientcert_serial_number_header_name": null,
            "routing_http_request_x_amzn_mtls_clientcert_subject_header_name": null,
            "routing_http_request_x_amzn_mtls_clientcert_validity_header_name": null,
            "routing_http_request_x_amzn_tls_cipher_suite_header_name": null,
            "routing_http_request_x_amzn_tls_version_header_name": null,
            "routing_http_response_access_control_allow_credentials_header_value": "",
            "routing_http_response_access_control_allow_headers_header_value": "",
            "routing_http_response_access_control_allow_methods_header_value": "",
            "routing_http_response_access_control_allow_origin_header_value": "",
            "routing_http_response_access_control_expose_headers_header_value": "",
            "routing_http_response_access_control_max_age_header_value": "",
            "routing_http_response_content_security_policy_header_value": "",
            "routing_http_response_server_enabled": true,
            "routing_http_response_strict_transport_security_header_value": "",
            "routing_http_response_x_content_type_options_header_value": "",
            "routing_http_response_x_frame_options_header_value": "",
            "ssl_policy": "",
            "tags": {},
            "tags_all": {},
            "tcp_idle_timeout_seconds": null,
            "timeouts": null
          },
          "sensitive_attributes": [],
          "private": "eyJlMmJmYjczMC1lY2FhLTExZTYtOGY4OC0zNDM2M2JjN2M0YzAiOnsiY3JlYXRlIjozMDAwMDAwMDAwMDAsInVwZGF0ZSI6MzAwMDAwMDAwMDAwfX0=",
          "dependencies": [
            "aws_lb.api_alb",
            "aws_lb_target_group.api_tg",
            "aws_security_group.alb_sg",
            "module.network.aws_subnet.public",
            "module.network.aws_vpc.this",
            "module.network.aws_vpc_ipv4_cidr_block_association.this",
            "random_id.tg"
          ]
        }
      ]
    },
    {
      "mode": "managed",
      "type": "aws_lb_target_group",
      "name": "api_tg",
      "provider": "provider[\"registry.terraform.io/hashicorp/aws\"]",
      "instances": [
        {
          "schema_version": 0,
          "attributes": {
            "arn": "arn:aws:elasticloadbalancing:us-east-1:144776104140:targetgroup/hl-api-9967/8dad8aaabc695970",
            "arn_suffix": "targetgroup/hl-api-9967/8dad8aaabc695970",
            "connection_termination": null,
            "deregistration_delay": "300",
            "health_check": [
              {
                "enabled": true,
                "healthy_threshold": 2,
                "interval": 30,
                "matcher": "200-399",
                "path": "/healthz",
                "port": "traffic-port",
                "protocol": "HTTP",
                "timeout": 5,
                "unhealthy_threshold": 3
              }
            ],
            "id": "arn:aws:elasticloadbalancing:us-east-1:144776104140:targetgroup/hl-api-9967/8dad8aaabc695970",
            "ip_address_type": "ipv4",
            "lambda_multi_value_headers_enabled": false,
            "load_balancer_arns": [
              "arn:aws:elasticloadbalancing:us-east-1:144776104140:loadbalancer/app/hl-api-alb/a7e6fd05f4078d1b"
            ],
            "load_balancing_algorithm_type": "round_robin",
            "load_balancing_anomaly_mitigation": "off",
            "load_balancing_cross_zone_enabled": "use_load_balancer_configuration",
            "name": "hl-api-9967",
            "name_prefix": "",
            "port": 8080,
            "preserve_client_ip": null,
            "protocol": "HTTP",
            "protocol_version": "HTTP1",
            "proxy_protocol_v2": false,
            "region": "us-east-1",
            "slow_start": 0,
            "stickiness": [
              {
                "cookie_duration": 86400,
                "cookie_name": "",
                "enabled": false,
                "type": "lb_cookie"
              }
            ],
            "tags": {},
            "tags_all": {},
            "target_failover": [
              {
                "on_deregistration": null,
                "on_unhealthy": null
              }
            ],
            "target_group_health": [
              {
                "dns_failover": [
                  {
                    "minimum_healthy_targets_count": "1",
                    "minimum_healthy_targets_percentage": "off"
                  }
                ],
                "unhealthy_state_routing": [
                  {
                    "minimum_healthy_targets_count": 1,
                    "minimum_healthy_targets_percentage": "off"
                  }
                ]
              }
            ],
            "target_health_state": [
              {
                "enable_unhealthy_connection_termination": null,
                "unhealthy_draining_interval": null
              }
            ],
            "target_type": "ip",
            "vpc_id": "vpc-0a329bfbbe0542538"
          },
          "sensitive_attributes": [],
          "private": "bnVsbA==",
          "dependencies": [
            "module.network.aws_vpc.this",
            "random_id.tg"
          ],
          "create_before_destroy": true
        }
      ]
    },
    {
      "mode": "managed",
      "type": "aws_security_group",
      "name": "alb_sg",
      "provider": "provider[\"registry.terraform.io/hashicorp/aws\"]",
      "instances": [
        {
          "schema_version": 1,
          "attributes": {
            "arn": "arn:aws:ec2:us-east-1:144776104140:security-group/sg-0e43e874e4ccb97fb",
            "description": "ALB inbound 80 from internet",
            "egress": [
              {
                "cidr_blocks": [
                  "0.0.0.0/0"
                ],
                "description": "",
                "from_port": 0,
                "ipv6_cidr_blocks": [],
                "prefix_list_ids": [],
                "protocol": "-1",
                "security_groups": [],
                "self": false,
                "to_port": 0
              }
            ],
            "id": "sg-0e43e874e4ccb97fb",
            "ingress": [
              {
                "cidr_blocks": [
                  "0.0.0.0/0"
                ],
                "description": "",
                "from_port": 80,
                "ipv6_cidr_blocks": [],
                "prefix_list_ids": [],
                "protocol": "tcp",
                "security_groups": [],
                "self": false,
                "to_port": 80
              }
            ],
            "name": "hl-alb-sg",
            "name_prefix": "",
            "owner_id": "144776104140",
            "region": "us-east-1",
            "revoke_rules_on_delete": false,
            "tags": {
              "Name": "hl-alb-sg"
            },
            "tags_all": {
              "Name": "hl-alb-sg"
            },
            "timeouts": null,
            "vpc_id": "vpc-0a329bfbbe0542538"
          },
          "sensitive_attributes": [],
          "private": "eyJlMmJmYjczMC1lY2FhLTExZTYtOGY4OC0zNDM2M2JjN2M0YzAiOnsiY3JlYXRlIjo2MDAwMDAwMDAwMDAsImRlbGV0ZSI6OTAwMDAwMDAwMDAwfSwic2NoZW1hX3ZlcnNpb24iOiIxIn0=",
          "dependencies": [
            "module.network.aws_vpc.this"
          ]
        }
      ]
    },
    {
      "mode": "managed",
      "type": "aws_security_group",
      "name": "bastion_sg",
      "provider": "provider[\"registry.terraform.io/hashicorp/aws\"]",
      "instances": [
        {
          "schema_version": 1,
          "attributes": {
            "arn": "arn:aws:ec2:us-east-1:144776104140:security-group/sg-0d406fdbb97318109",
            "description": "Bastion via Session Manager (no direct access)",
            "egress": [
              {
                "cidr_blocks": [
                  "0.0.0.0/0"
                ],
                "description": "",
                "from_port": 0,
                "ipv6_cidr_blocks": [],
                "prefix_list_ids": [],
                "protocol": "-1",
                "security_groups": [],
                "self": false,
                "to_port": 0
              }
            ],
            "id": "sg-0d406fdbb97318109",
            "ingress": [],
            "name": "hl-bastion-ssm-sg",
            "name_prefix": "",
            "owner_id": "144776104140",
            "region": "us-east-1",
            "revoke_rules_on_delete": false,
            "tags": {
              "Name": "hl-bastion-ssm-sg",
              "Purpose": "Database Administration via SSM"
            },
            "tags_all": {
              "Name": "hl-bastion-ssm-sg",
              "Purpose": "Database Administration via SSM"
            },
            "timeouts": null,
            "vpc_id": "vpc-0a329bfbbe0542538"
          },
          "sensitive_attributes": [],
          "private": "eyJlMmJmYjczMC1lY2FhLTExZTYtOGY4OC0zNDM2M2JjN2M0YzAiOnsiY3JlYXRlIjo2MDAwMDAwMDAwMDAsImRlbGV0ZSI6OTAwMDAwMDAwMDAwfSwic2NoZW1hX3ZlcnNpb24iOiIxIn0=",
          "dependencies": [
            "module.network.aws_vpc.this"
          ],
          "create_before_destroy": true
        }
      ]
    },
    {
      "mode": "managed",
      "type": "aws_security_group",
      "name": "ecs_sg",
      "provider": "provider[\"registry.terraform.io/hashicorp/aws\"]",
      "instances": [
        {
          "schema_version": 1,
          "attributes": {
            "arn": "arn:aws:ec2:us-east-1:144776104140:security-group/sg-0d037a44f14edb670",
            "description": "Security group for ECS tasks",
            "egress": [
              {
                "cidr_blocks": [
                  "0.0.0.0/0"
                ],
                "description": "",
                "from_port": 0,
                "ipv6_cidr_blocks": [],
                "prefix_list_ids": [],
                "protocol": "-1",
                "security_groups": [],
                "self": false,
                "to_port": 0
              }
            ],
            "id": "sg-0d037a44f14edb670",
            "ingress": [
              {
                "cidr_blocks": [],
                "description": "",
                "from_port": 8080,
                "ipv6_cidr_blocks": [],
                "prefix_list_ids": [],
                "protocol": "tcp",
                "security_groups": [
                  "sg-0e43e874e4ccb97fb"
                ],
                "self": false,
                "to_port": 8080
              }
            ],
            "name": "hl-ecs-sg",
            "name_prefix": "",
            "owner_id": "144776104140",
            "region": "us-east-1",
            "revoke_rules_on_delete": false,
            "tags": {
              "Name": "hl-ecs-sg"
            },
            "tags_all": {
              "Name": "hl-ecs-sg"
            },
            "timeouts": null,
            "vpc_id": "vpc-0a329bfbbe0542538"
          },
          "sensitive_attributes": [],
          "private": "eyJlMmJmYjczMC1lY2FhLTExZTYtOGY4OC0zNDM2M2JjN2M0YzAiOnsiY3JlYXRlIjo2MDAwMDAwMDAwMDAsImRlbGV0ZSI6OTAwMDAwMDAwMDAwfSwic2NoZW1hX3ZlcnNpb24iOiIxIn0=",
          "dependencies": [
            "module.network.aws_vpc.this"
          ]
        }
      ]
    },
    {
      "mode": "managed",
      "type": "aws_security_group",
      "name": "rds_sg",
      "provider": "provider[\"registry.terraform.io/hashicorp/aws\"]",
      "instances": [
        {
          "schema_version": 1,
          "attributes": {
            "arn": "arn:aws:ec2:us-east-1:144776104140:security-group/sg-0683168dc61d91f1b",
            "description": "Allow SQL Server from VPC only",
            "egress": [
              {
                "cidr_blocks": [
                  "0.0.0.0/0"
                ],
                "description": "",
                "from_port": 0,
                "ipv6_cidr_blocks": [],
                "prefix_list_ids": [],
                "protocol": "-1",
                "security_groups": [],
                "self": false,
                "to_port": 0
              }
            ],
            "id": "sg-0683168dc61d91f1b",
            "ingress": [
              {
                "cidr_blocks": [],
                "description": "",
                "from_port": 1433,
                "ipv6_cidr_blocks": [],
                "prefix_list_ids": [],
                "protocol": "tcp",
                "security_groups": [
                  "sg-0d037a44f14edb670"
                ],
                "self": false,
                "to_port": 1433
              },
              {
                "cidr_blocks": [],
                "description": "",
                "from_port": 1433,
                "ipv6_cidr_blocks": [],
                "prefix_list_ids": [],
                "protocol": "tcp",
                "security_groups": [
                  "sg-0d406fdbb97318109"
                ],
                "self": false,
                "to_port": 1433
              }
            ],
            "name": "hl-rds-sg",
            "name_prefix": "",
            "owner_id": "144776104140",
            "region": "us-east-1",
            "revoke_rules_on_delete": false,
            "tags": {
              "Name": "hl-rds-sg"
            },
            "tags_all": {
              "Name": "hl-rds-sg"
            },
            "timeouts": null,
            "vpc_id": "vpc-0a329bfbbe0542538"
          },
          "sensitive_attributes": [],
          "private": "eyJlMmJmYjczMC1lY2FhLTExZTYtOGY4OC0zNDM2M2JjN2M0YzAiOnsiY3JlYXRlIjo2MDAwMDAwMDAwMDAsImRlbGV0ZSI6OTAwMDAwMDAwMDAwfSwic2NoZW1hX3ZlcnNpb24iOiIxIn0=",
          "dependencies": [
            "module.network.aws_vpc.this"
          ]
        }
      ]
    },
    {
      "mode": "managed",
      "type": "aws_security_group_rule",
      "name": "ecs_allow_from_alb",
      "provider": "provider[\"registry.terraform.io/hashicorp/aws\"]",
      "instances": [
        {
          "schema_version": 2,
          "attributes": {
            "cidr_blocks": null,
            "description": null,
            "from_port": 8080,
            "id": "sgrule-2820270281",
            "ipv6_cidr_blocks": null,
            "prefix_list_ids": null,
            "protocol": "tcp",
            "region": "us-east-1",
            "security_group_id": "sg-0d037a44f14edb670",
            "security_group_rule_id": "sgr-0e88cb7693bc92915",
            "self": false,
            "source_security_group_id": "sg-0e43e874e4ccb97fb",
            "timeouts": null,
            "to_port": 8080,
            "type": "ingress"
          },
          "sensitive_attributes": [],
          "private": "eyJlMmJmYjczMC1lY2FhLTExZTYtOGY4OC0zNDM2M2JjN2M0YzAiOnsiY3JlYXRlIjozMDAwMDAwMDAwMDB9LCJzY2hlbWFfdmVyc2lvbiI6IjIifQ==",
          "dependencies": [
            "aws_security_group.alb_sg",
            "aws_security_group.ecs_sg",
            "module.network.aws_vpc.this"
          ]
        }
      ]
    },
    {
      "mode": "managed",
      "type": "aws_security_group_rule",
      "name": "rds_allow_from_bastion",
      "provider": "provider[\"registry.terraform.io/hashicorp/aws\"]",
      "instances": [
        {
          "schema_version": 2,
          "attributes": {
            "cidr_blocks": null,
            "description": null,
            "from_port": 1433,
            "id": "sgrule-1564714565",
            "ipv6_cidr_blocks": null,
            "prefix_list_ids": null,
            "protocol": "tcp",
            "region": "us-east-1",
            "security_group_id": "sg-0683168dc61d91f1b",
            "security_group_rule_id": "sgr-06f9fd8ebbc560186",
            "self": false,
            "source_security_group_id": "sg-0d406fdbb97318109",
            "timeouts": null,
            "to_port": 1433,
            "type": "ingress"
          },
          "sensitive_attributes": [],
          "private": "eyJlMmJmYjczMC1lY2FhLTExZTYtOGY4OC0zNDM2M2JjN2M0YzAiOnsiY3JlYXRlIjozMDAwMDAwMDAwMDB9LCJzY2hlbWFfdmVyc2lvbiI6IjIifQ==",
          "dependencies": [
            "aws_security_group.bastion_sg",
            "aws_security_group.rds_sg",
            "module.network.aws_vpc.this"
          ]
        }
      ]
    },
    {
      "mode": "managed",
      "type": "aws_security_group_rule",
      "name": "rds_allow_from_ecs",
      "provider": "provider[\"registry.terraform.io/hashicorp/aws\"]",
      "instances": [
        {
          "schema_version": 2,
          "attributes": {
            "cidr_blocks": null,
            "description": null,
            "from_port": 1433,
            "id": "sgrule-4100803480",
            "ipv6_cidr_blocks": null,
            "prefix_list_ids": null,
            "protocol": "tcp",
            "region": "us-east-1",
            "security_group_id": "sg-0683168dc61d91f1b",
            "security_group_rule_id": "sgr-01b795e8b5ed3a39f",
            "self": false,
            "source_security_group_id": "sg-0d037a44f14edb670",
            "timeouts": null,
            "to_port": 1433,
            "type": "ingress"
          },
          "sensitive_attributes": [],
          "private": "eyJlMmJmYjczMC1lY2FhLTExZTYtOGY4OC0zNDM2M2JjN2M0YzAiOnsiY3JlYXRlIjozMDAwMDAwMDAwMDB9LCJzY2hlbWFfdmVyc2lvbiI6IjIifQ==",
          "dependencies": [
            "aws_security_group.ecs_sg",
            "aws_security_group.rds_sg",
            "module.network.aws_vpc.this"
          ]
        }
      ]
    },
    {
      "mode": "managed",
      "type": "null_resource",
      "name": "depends_network",
      "provider": "provider[\"registry.terraform.io/hashicorp/null\"]",
      "instances": [
        {
          "schema_version": 0,
          "attributes": {
            "id": "6288172667387817916",
            "triggers": null
          },
          "sensitive_attributes": [],
          "dependencies": [
            "module.network.aws_cloudwatch_log_group.flow_log",
            "module.network.aws_customer_gateway.this",
            "module.network.aws_db_subnet_group.database",
            "module.network.aws_default_network_acl.this",
            "module.network.aws_default_route_table.default",
            "module.network.aws_default_security_group.this",
            "module.network.aws_default_vpc.this",
            "module.network.aws_egress_only_internet_gateway.this",
            "module.network.aws_eip.nat",
            "module.network.aws_elasticache_subnet_group.elasticache",
            "module.network.aws_flow_log.this",
            "module.network.aws_iam_policy.vpc_flow_log_cloudwatch",
            "module.network.aws_iam_role.vpc_flow_log_cloudwatch",
            "module.network.aws_iam_role_policy_attachment.vpc_flow_log_cloudwatch",
            "module.network.aws_internet_gateway.this",
            "module.network.aws_nat_gateway.this",
            "module.network.aws_network_acl.database",
            "module.network.aws_network_acl.elasticache",
            "module.network.aws_network_acl.intra",
            "module.network.aws_network_acl.outpost",
            "module.network.aws_network_acl.private",
            "module.network.aws_network_acl.public",
            "module.network.aws_network_acl.redshift",
            "module.network.aws_network_acl_rule.database_inbound",
            "module.network.aws_network_acl_rule.database_outbound",
            "module.network.aws_network_acl_rule.elasticache_inbound",
            "module.network.aws_network_acl_rule.elasticache_outbound",
            "module.network.aws_network_acl_rule.intra_inbound",
            "module.network.aws_network_acl_rule.intra_outbound",
            "module.network.aws_network_acl_rule.outpost_inbound",
            "module.network.aws_network_acl_rule.outpost_outbound",
            "module.network.aws_network_acl_rule.private_inbound",
            "module.network.aws_network_acl_rule.private_outbound",
            "module.network.aws_network_acl_rule.public_inbound",
            "module.network.aws_network_acl_rule.public_outbound",
            "module.network.aws_network_acl_rule.redshift_inbound",
            "module.network.aws_network_acl_rule.redshift_outbound",
            "module.network.aws_redshift_subnet_group.redshift",
            "module.network.aws_route.database_dns64_nat_gateway",
            "module.network.aws_route.database_internet_gateway",
            "module.network.aws_route.database_ipv6_egress",
            "module.network.aws_route.database_nat_gateway",
            "module.network.aws_route.private_dns64_nat_gateway",
            "module.network.aws_route.private_ipv6_egress",
            "module.network.aws_route.private_nat_gateway",
            "module.network.aws_route.public_internet_gateway",
            "module.network.aws_route.public_internet_gateway_ipv6",
            "module.network.aws_route_table.database",
            "module.network.aws_route_table.elasticache",
            "module.network.aws_route_table.intra",
            "module.network.aws_route_table.private",
            "module.network.aws_route_table.public",
            "module.network.aws_route_table.redshift",
            "module.network.aws_route_table_association.database",
            "module.network.aws_route_table_association.elasticache",
            "module.network.aws_route_table_association.intra",
            "module.network.aws_route_table_association.outpost",
            "module.network.aws_route_table_association.private",
            "module.network.aws_route_table_association.public",
            "module.network.aws_route_table_association.redshift",
            "module.network.aws_route_table_association.redshift_public",
            "module.network.aws_subnet.database",
            "module.network.aws_subnet.elasticache",
            "module.network.aws_subnet.intra",
            "module.network.aws_subnet.outpost",
            "module.network.aws_subnet.private",
            "module.network.aws_subnet.public",
            "module.network.aws_subnet.redshift",
            "module.network.aws_vpc.this",
            "module.network.aws_vpc_block_public_access_exclusion.this",
            "module.network.aws_vpc_block_public_access_options.this",
            "module.network.aws_vpc_dhcp_options.this",
            "module.network.aws_vpc_dhcp_options_association.this",
            "module.network.aws_vpc_ipv4_cidr_block_association.this",
            "module.network.aws_vpn_gateway.this",
            "module.network.aws_vpn_gateway_attachment.this",
            "module.network.aws_vpn_gateway_route_propagation.intra",
            "module.network.aws_vpn_gateway_route_propagation.private",
            "module.network.aws_vpn_gateway_route_propagation.public",
            "module.network.data.aws_caller_identity.current",
            "module.network.data.aws_iam_policy_document.flow_log_cloudwatch_assume_role",
            "module.network.data.aws_iam_policy_document.vpc_flow_log_cloudwatch",
            "module.network.data.aws_partition.current",
            "module.network.data.aws_region.current"
          ],
          "create_before_destroy": true
        }
      ]
    },
    {
      "mode": "managed",
      "type": "random_id",
      "name": "tg",
      "provider": "provider[\"registry.terraform.io/hashicorp/random\"]",
      "instances": [
        {
          "schema_version": 0,
          "attributes": {
            "b64_std": "mWc=",
            "b64_url": "mWc",
            "byte_length": 2,
            "dec": "39271",
            "hex": "9967",
            "id": "mWc",
            "keepers": null,
            "prefix": null
          },
          "sensitive_attributes": [],
          "create_before_destroy": true
        }
      ]
    },
    {
      "module": "module.ecr",
      "mode": "data",
      "type": "aws_caller_identity",
      "name": "current",
      "provider": "provider[\"registry.terraform.io/hashicorp/aws\"]",
      "instances": [
        {
          "schema_version": 0,
          "attributes": {
            "account_id": "144776104140",
            "arn": "arn:aws:iam::144776104140:user/juansuperman",
            "id": "144776104140",
            "user_id": "AIDASDNKUBDGEZIIORA5B"
          },
          "sensitive_attributes": []
        }
      ]
    },
    {
      "module": "module.ecr",
      "mode": "data",
      "type": "aws_iam_policy_document",
      "name": "repository",
      "provider": "provider[\"registry.terraform.io/hashicorp/aws\"]",
      "instances": [
        {
          "index_key": 0,
          "schema_version": 0,
          "attributes": {
            "id": "20837579",
            "json": "{\n  \"Version\": \"2012-10-17\",\n  \"Statement\": [\n    {\n      \"Sid\": \"PrivateReadOnly\",\n      \"Effect\": \"Allow\",\n      \"Action\": [\n        \"ecr:ListTagsForResource\",\n        \"ecr:ListImages\",\n        \"ecr:GetRepositoryPolicy\",\n        \"ecr:GetLifecyclePolicyPreview\",\n        \"ecr:GetLifecyclePolicy\",\n        \"ecr:GetDownloadUrlForLayer\",\n        \"ecr:GetAuthorizationToken\",\n        \"ecr:DescribeRepositories\",\n        \"ecr:DescribeImages\",\n        \"ecr:DescribeImageScanFindings\",\n        \"ecr:BatchGetImage\",\n        \"ecr:BatchCheckLayerAvailability\"\n      ],\n      \"Principal\": {\n        \"AWS\": \"arn:aws:iam::144776104140:root\"\n      }\n    }\n  ]\n}",
            "minified_json": "{\"Version\":\"2012-10-17\",\"Statement\":[{\"Sid\":\"PrivateReadOnly\",\"Effect\":\"Allow\",\"Action\":[\"ecr:ListTagsForResource\",\"ecr:ListImages\",\"ecr:GetRepositoryPolicy\",\"ecr:GetLifecyclePolicyPreview\",\"ecr:GetLifecyclePolicy\",\"ecr:GetDownloadUrlForLayer\",\"ecr:GetAuthorizationToken\",\"ecr:DescribeRepositories\",\"ecr:DescribeImages\",\"ecr:DescribeImageScanFindings\",\"ecr:BatchGetImage\",\"ecr:BatchCheckLayerAvailability\"],\"Principal\":{\"AWS\":\"arn:aws:iam::144776104140:root\"}}]}",
            "override_json": null,
            "override_policy_documents": null,
            "policy_id": null,
            "source_json": null,
            "source_policy_documents": null,
            "statement": [
              {
                "actions": [
                  "ecr:BatchCheckLayerAvailability",
                  "ecr:BatchGetImage",
                  "ecr:DescribeImageScanFindings",
                  "ecr:DescribeImages",
                  "ecr:DescribeRepositories",
                  "ecr:GetAuthorizationToken",
                  "ecr:GetDownloadUrlForLayer",
                  "ecr:GetLifecyclePolicy",
                  "ecr:GetLifecyclePolicyPreview",
                  "ecr:GetRepositoryPolicy",
                  "ecr:ListImages",
                  "ecr:ListTagsForResource"
                ],
                "condition": [],
                "effect": "Allow",
                "not_actions": [],
                "not_principals": [],
                "not_resources": [],
                "principals": [
                  {
                    "identifiers": [
                      "arn:aws:iam::144776104140:root"
                    ],
                    "type": "AWS"
                  }
                ],
                "resources": [],
                "sid": "PrivateReadOnly"
              }
            ],
            "version": "2012-10-17"
          },
          "sensitive_attributes": []
        }
      ]
    },
    {
      "module": "module.ecr",
      "mode": "data",
      "type": "aws_partition",
      "name": "current",
      "provider": "provider[\"registry.terraform.io/hashicorp/aws\"]",
      "instances": [
        {
          "schema_version": 0,
          "attributes": {
            "dns_suffix": "amazonaws.com",
            "id": "aws",
            "partition": "aws",
            "reverse_dns_prefix": "com.amazonaws"
          },
          "sensitive_attributes": []
        }
      ]
    },
    {
      "module": "module.ecr",
      "mode": "managed",
      "type": "aws_ecr_lifecycle_policy",
      "name": "this",
      "provider": "provider[\"registry.terraform.io/hashicorp/aws\"]",
      "instances": [
        {
          "index_key": 0,
          "schema_version": 0,
          "attributes": {
            "id": "hl-api",
            "policy": "{\"rules\":[{\"action\":{\"type\":\"expire\"},\"description\":\"Keep last 10 images\",\"rulePriority\":1,\"selection\":{\"countNumber\":10,\"countType\":\"imageCountMoreThan\",\"tagStatus\":\"any\"}}]}",
            "region": "us-east-1",
            "registry_id": "144776104140",
            "repository": "hl-api"
          },
          "sensitive_attributes": [],
          "private": "bnVsbA==",
          "dependencies": [
            "module.ecr.aws_ecr_repository.this"
          ]
        }
      ]
    },
    {
      "module": "module.ecr",
      "mode": "managed",
      "type": "aws_ecr_repository",
      "name": "this",
      "provider": "provider[\"registry.terraform.io/hashicorp/aws\"]",
      "instances": [
        {
          "index_key": 0,
          "schema_version": 0,
          "attributes": {
            "arn": "arn:aws:ecr:us-east-1:144776104140:repository/hl-api",
            "encryption_configuration": [
              {
                "encryption_type": "AES256",
                "kms_key": ""
              }
            ],
            "force_delete": null,
            "id": "hl-api",
            "image_scanning_configuration": [
              {
                "scan_on_push": true
              }
            ],
            "image_tag_mutability": "IMMUTABLE",
            "image_tag_mutability_exclusion_filter": [],
            "name": "hl-api",
            "region": "us-east-1",
            "registry_id": "144776104140",
            "repository_url": "144776104140.dkr.ecr.us-east-1.amazonaws.com/hl-api",
            "tags": {},
            "tags_all": {},
            "timeouts": null
          },
          "sensitive_attributes": [],
          "private": "eyJlMmJmYjczMC1lY2FhLTExZTYtOGY4OC0zNDM2M2JjN2M0YzAiOnsiZGVsZXRlIjoxMjAwMDAwMDAwMDAwfX0="
        }
      ]
    },
    {
      "module": "module.ecr",
      "mode": "managed",
      "type": "aws_ecr_repository_policy",
      "name": "this",
      "provider": "provider[\"registry.terraform.io/hashicorp/aws\"]",
      "instances": [
        {
          "index_key": 0,
          "schema_version": 0,
          "attributes": {
            "id": "hl-api",
            "policy": "{\"Statement\":[{\"Action\":[\"ecr:ListTagsForResource\",\"ecr:ListImages\",\"ecr:GetRepositoryPolicy\",\"ecr:GetLifecyclePolicyPreview\",\"ecr:GetLifecyclePolicy\",\"ecr:GetDownloadUrlForLayer\",\"ecr:GetAuthorizationToken\",\"ecr:DescribeRepositories\",\"ecr:DescribeImages\",\"ecr:DescribeImageScanFindings\",\"ecr:BatchGetImage\",\"ecr:BatchCheckLayerAvailability\"],\"Effect\":\"Allow\",\"Principal\":{\"AWS\":\"arn:aws:iam::144776104140:root\"},\"Sid\":\"PrivateReadOnly\"}],\"Version\":\"2012-10-17\"}",
            "region": "us-east-1",
            "registry_id": "144776104140",
            "repository": "hl-api"
          },
          "sensitive_attributes": [],
          "private": "bnVsbA==",
          "dependencies": [
            "module.ecr.aws_ecr_repository.this",
            "module.ecr.data.aws_caller_identity.current",
            "module.ecr.data.aws_iam_policy_document.repository",
            "module.ecr.data.aws_partition.current"
          ]
        }
      ]
    },
    {
      "module": "module.ecs_cluster.module.cluster",
      "mode": "managed",
      "type": "aws_cloudwatch_log_group",
      "name": "this",
      "provider": "provider[\"registry.terraform.io/hashicorp/aws\"]",
      "instances": [
        {
          "index_key": 0,
          "schema_version": 0,
          "attributes": {
            "arn": "arn:aws:logs:us-east-1:144776104140:log-group:/aws/ecs/hl-ecs-cluster",
            "id": "/aws/ecs/hl-ecs-cluster",
            "kms_key_id": "",
            "log_group_class": "STANDARD",
            "name": "/aws/ecs/hl-ecs-cluster",
            "name_prefix": "",
            "region": "us-east-1",
            "retention_in_days": 90,
            "skip_destroy": false,
            "tags": {
              "Name": "/aws/ecs/hl-ecs-cluster"
            },
            "tags_all": {
              "Name": "/aws/ecs/hl-ecs-cluster"
            }
          },
          "sensitive_attributes": [],
          "private": "bnVsbA=="
        }
      ]
    },
    {
      "module": "module.ecs_cluster.module.cluster",
      "mode": "managed",
      "type": "aws_ecs_cluster",
      "name": "this",
      "provider": "provider[\"registry.terraform.io/hashicorp/aws\"]",
      "instances": [
        {
          "index_key": 0,
          "schema_version": 0,
          "attributes": {
            "arn": "arn:aws:ecs:us-east-1:144776104140:cluster/hl-ecs-cluster",
            "configuration": [
              {
                "execute_command_configuration": [
                  {
                    "kms_key_id": "",
                    "log_configuration": [
                      {
                        "cloud_watch_encryption_enabled": false,
                        "cloud_watch_log_group_name": "/aws/ecs/hl-ecs-cluster",
                        "s3_bucket_encryption_enabled": false,
                        "s3_bucket_name": "",
                        "s3_key_prefix": ""
                      }
                    ],
                    "logging": "OVERRIDE"
                  }
                ],
                "managed_storage_configuration": []
              }
            ],
            "id": "arn:aws:ecs:us-east-1:144776104140:cluster/hl-ecs-cluster",
            "name": "hl-ecs-cluster",
            "region": "us-east-1",
            "service_connect_defaults": [],
            "setting": [
              {
                "name": "containerInsights",
                "value": "enabled"
              }
            ],
            "tags": {},
            "tags_all": {}
          },
          "sensitive_attributes": [],
          "private": "bnVsbA==",
          "dependencies": [
            "module.ecs_cluster.module.cluster.aws_cloudwatch_log_group.this"
          ]
        }
      ]
    },
    {
      "module": "module.ecs_cluster.module.cluster",
      "mode": "managed",
      "type": "aws_ecs_cluster_capacity_providers",
      "name": "this",
      "provider": "provider[\"registry.terraform.io/hashicorp/aws\"]",
      "instances": [
        {
          "index_key": 0,
          "schema_version": 0,
          "attributes": {
            "capacity_providers": [
              "FARGATE"
            ],
            "cluster_name": "hl-ecs-cluster",
            "default_capacity_provider_strategy": [
              {
                "base": 0,
                "capacity_provider": "FARGATE",
                "weight": 1
              }
            ],
            "id": "hl-ecs-cluster",
            "region": "us-east-1"
          },
          "sensitive_attributes": [],
          "private": "bnVsbA==",
          "dependencies": [
            "module.ecs_cluster.module.cluster.aws_cloudwatch_log_group.this",
            "module.ecs_cluster.module.cluster.aws_ecs_capacity_provider.this",
            "module.ecs_cluster.module.cluster.aws_ecs_cluster.this"
          ]
        }
      ]
    },
    {
      "module": "module.network",
      "mode": "managed",
      "type": "aws_default_network_acl",
      "name": "this",
      "provider": "provider[\"registry.terraform.io/hashicorp/aws\"]",
      "instances": [
        {
          "index_key": 0,
          "schema_version": 0,
          "attributes": {
            "arn": "arn:aws:ec2:us-east-1:144776104140:network-acl/acl-0b86ad0f258b283df",
            "default_network_acl_id": "acl-0b86ad0f258b283df",
            "egress": [
              {
                "action": "allow",
                "cidr_block": "",
                "from_port": 0,
                "icmp_code": 0,
                "icmp_type": 0,
                "ipv6_cidr_block": "::/0",
                "protocol": "-1",
                "rule_no": 101,
                "to_port": 0
              },
              {
                "action": "allow",
                "cidr_block": "0.0.0.0/0",
                "from_port": 0,
                "icmp_code": 0,
                "icmp_type": 0,
                "ipv6_cidr_block": "",
                "protocol": "-1",
                "rule_no": 100,
                "to_port": 0
              }
            ],
            "id": "acl-0b86ad0f258b283df",
            "ingress": [
              {
                "action": "allow",
                "cidr_block": "",
                "from_port": 0,
                "icmp_code": 0,
                "icmp_type": 0,
                "ipv6_cidr_block": "::/0",
                "protocol": "-1",
                "rule_no": 101,
                "to_port": 0
              },
              {
                "action": "allow",
                "cidr_block": "0.0.0.0/0",
                "from_port": 0,
                "icmp_code": 0,
                "icmp_type": 0,
                "ipv6_cidr_block": "",
                "protocol": "-1",
                "rule_no": 100,
                "to_port": 0
              }
            ],
            "owner_id": "144776104140",
            "region": "us-east-1",
            "subnet_ids": [
              "subnet-009deb9a38c209116",
              "subnet-0b8e95603c91d7d47",
              "subnet-0e1235f7d08135436",
              "subnet-0e53a6a37381663e4"
            ],
            "tags": {
              "Name": "hl-vpc-default"
            },
            "tags_all": {
              "Name": "hl-vpc-default"
            },
            "vpc_id": "vpc-0a329bfbbe0542538"
          },
          "sensitive_attributes": [],
          "private": "bnVsbA==",
          "dependencies": [
            "module.network.aws_vpc.this"
          ],
          "create_before_destroy": true
        }
      ]
    },
    {
      "module": "module.network",
      "mode": "managed",
      "type": "aws_default_route_table",
      "name": "default",
      "provider": "provider[\"registry.terraform.io/hashicorp/aws\"]",
      "instances": [
        {
          "index_key": 0,
          "schema_version": 0,
          "attributes": {
            "arn": "arn:aws:ec2:us-east-1:144776104140:route-table/rtb-049a9f1a5beaea84f",
            "default_route_table_id": "rtb-049a9f1a5beaea84f",
            "id": "rtb-049a9f1a5beaea84f",
            "owner_id": "144776104140",
            "propagating_vgws": [],
            "region": "us-east-1",
            "route": [],
            "tags": {
              "Name": "hl-vpc-default"
            },
            "tags_all": {
              "Name": "hl-vpc-default"
            },
            "timeouts": {
              "create": "5m",
              "update": "5m"
            },
            "vpc_id": "vpc-0a329bfbbe0542538"
          },
          "sensitive_attributes": [],
          "private": "eyJlMmJmYjczMC1lY2FhLTExZTYtOGY4OC0zNDM2M2JjN2M0YzAiOnsiY3JlYXRlIjozMDAwMDAwMDAwMDAsInVwZGF0ZSI6MzAwMDAwMDAwMDAwfX0=",
          "dependencies": [
            "module.network.aws_vpc.this"
          ],
          "create_before_destroy": true
        }
      ]
    },
    {
      "module": "module.network",
      "mode": "managed",
      "type": "aws_default_security_group",
      "name": "this",
      "provider": "provider[\"registry.terraform.io/hashicorp/aws\"]",
      "instances": [
        {
          "index_key": 0,
          "schema_version": 1,
          "attributes": {
            "arn": "arn:aws:ec2:us-east-1:144776104140:security-group/sg-062da696b3e495a6c",
            "description": "default VPC security group",
            "egress": [],
            "id": "sg-062da696b3e495a6c",
            "ingress": [],
            "name": "default",
            "name_prefix": "",
            "owner_id": "144776104140",
            "region": "us-east-1",
            "revoke_rules_on_delete": false,
            "tags": {
              "Name": "hl-vpc-default"
            },
            "tags_all": {
              "Name": "hl-vpc-default"
            },
            "vpc_id": "vpc-0a329bfbbe0542538"
          },
          "sensitive_attributes": [],
          "private": "eyJzY2hlbWFfdmVyc2lvbiI6IjEifQ==",
          "dependencies": [
            "module.network.aws_vpc.this"
          ],
          "create_before_destroy": true
        }
      ]
    },
    {
      "module": "module.network",
      "mode": "managed",
      "type": "aws_eip",
      "name": "nat",
      "provider": "provider[\"registry.terraform.io/hashicorp/aws\"]",
      "instances": [
        {
          "index_key": 0,
          "schema_version": 0,
          "attributes": {
            "address": null,
            "allocation_id": "eipalloc-0f8b3e42286e362a1",
            "arn": "arn:aws:ec2:us-east-1:144776104140:elastic-ip/eipalloc-0f8b3e42286e362a1",
            "associate_with_private_ip": null,
            "association_id": "eipassoc-052b903aa9b553e4e",
            "carrier_ip": "",
            "customer_owned_ip": "",
            "customer_owned_ipv4_pool": "",
            "domain": "vpc",
            "id": "eipalloc-0f8b3e42286e362a1",
            "instance": "",
            "ipam_pool_id": null,
            "network_border_group": "us-east-1",
            "network_interface": "eni-0b5e3b4c061f94d3b",
            "private_dns": "ip-10-0-101-126.ec2.internal",
            "private_ip": "10.0.101.126",
            "ptr_record": "",
            "public_dns": "ec2-98-86-62-11.compute-1.amazonaws.com",
            "public_ip": "98.86.62.11",
            "public_ipv4_pool": "amazon",
            "region": "us-east-1",
            "tags": {
              "Name": "hl-vpc-us-east-1a"
            },
            "tags_all": {
              "Name": "hl-vpc-us-east-1a"
            },
            "timeouts": null
          },
          "sensitive_attributes": [],
          "private": "eyJlMmJmYjczMC1lY2FhLTExZTYtOGY4OC0zNDM2M2JjN2M0YzAiOnsiZGVsZXRlIjoxODAwMDAwMDAwMDAsInJlYWQiOjkwMDAwMDAwMDAwMCwidXBkYXRlIjozMDAwMDAwMDAwMDB9fQ==",
          "dependencies": [
            "module.network.aws_internet_gateway.this",
            "module.network.aws_vpc.this",
            "module.network.aws_vpc_ipv4_cidr_block_association.this"
          ],
          "create_before_destroy": true
        }
      ]
    },
    {
      "module": "module.network",
      "mode": "managed",
      "type": "aws_internet_gateway",
      "name": "this",
      "provider": "provider[\"registry.terraform.io/hashicorp/aws\"]",
      "instances": [
        {
          "index_key": 0,
          "schema_version": 0,
          "attributes": {
            "arn": "arn:aws:ec2:us-east-1:144776104140:internet-gateway/igw-08c624027f3db42f2",
            "id": "igw-08c624027f3db42f2",
            "owner_id": "144776104140",
            "region": "us-east-1",
            "tags": {
              "Name": "hl-vpc"
            },
            "tags_all": {
              "Name": "hl-vpc"
            },
            "timeouts": null,
            "vpc_id": "vpc-0a329bfbbe0542538"
          },
          "sensitive_attributes": [],
          "private": "eyJlMmJmYjczMC1lY2FhLTExZTYtOGY4OC0zNDM2M2JjN2M0YzAiOnsiY3JlYXRlIjoxMjAwMDAwMDAwMDAwLCJkZWxldGUiOjEyMDAwMDAwMDAwMDAsInVwZGF0ZSI6MTIwMDAwMDAwMDAwMH19",
          "dependencies": [
            "module.network.aws_vpc.this",
            "module.network.aws_vpc_ipv4_cidr_block_association.this"
          ],
          "create_before_destroy": true
        }
      ]
    },
    {
      "module": "module.network",
      "mode": "managed",
      "type": "aws_nat_gateway",
      "name": "this",
      "provider": "provider[\"registry.terraform.io/hashicorp/aws\"]",
      "instances": [
        {
          "index_key": 0,
          "schema_version": 0,
          "attributes": {
            "allocation_id": "eipalloc-0f8b3e42286e362a1",
            "association_id": "eipassoc-052b903aa9b553e4e",
            "connectivity_type": "public",
            "id": "nat-01b7f2a2afa228778",
            "network_interface_id": "eni-0b5e3b4c061f94d3b",
            "private_ip": "10.0.101.126",
            "public_ip": "98.86.62.11",
            "region": "us-east-1",
            "secondary_allocation_ids": [],
            "secondary_private_ip_address_count": 0,
            "secondary_private_ip_addresses": [],
            "subnet_id": "subnet-0e1235f7d08135436",
            "tags": {
              "Name": "hl-vpc-us-east-1a"
            },
            "tags_all": {
              "Name": "hl-vpc-us-east-1a"
            },
            "timeouts": null
          },
          "sensitive_attributes": [],
          "private": "eyJlMmJmYjczMC1lY2FhLTExZTYtOGY4OC0zNDM2M2JjN2M0YzAiOnsiY3JlYXRlIjo2MDAwMDAwMDAwMDAsImRlbGV0ZSI6MTgwMDAwMDAwMDAwMCwidXBkYXRlIjo2MDAwMDAwMDAwMDB9fQ==",
          "dependencies": [
            "module.network.aws_eip.nat",
            "module.network.aws_internet_gateway.this",
            "module.network.aws_subnet.public",
            "module.network.aws_vpc.this",
            "module.network.aws_vpc_ipv4_cidr_block_association.this"
          ],
          "create_before_destroy": true
        }
      ]
    },
    {
      "module": "module.network",
      "mode": "managed",
      "type": "aws_route",
      "name": "private_nat_gateway",
      "provider": "provider[\"registry.terraform.io/hashicorp/aws\"]",
      "instances": [
        {
          "index_key": 0,
          "schema_version": 0,
          "attributes": {
            "carrier_gateway_id": "",
            "core_network_arn": "",
            "destination_cidr_block": "0.0.0.0/0",
            "destination_ipv6_cidr_block": "",
            "destination_prefix_list_id": "",
            "egress_only_gateway_id": "",
            "gateway_id": "",
            "id": "r-rtb-0da5eb21b18fb5acb1080289494",
            "instance_id": "",
            "instance_owner_id": "",
            "local_gateway_id": "",
            "nat_gateway_id": "nat-01b7f2a2afa228778",
            "network_interface_id": "",
            "origin": "CreateRoute",
            "region": "us-east-1",
            "route_table_id": "rtb-0da5eb21b18fb5acb",
            "state": "active",
            "timeouts": {
              "create": "5m",
              "delete": null,
              "update": null
            },
            "transit_gateway_id": "",
            "vpc_endpoint_id": "",
            "vpc_peering_connection_id": ""
          },
          "sensitive_attributes": [],
          "private": "eyJlMmJmYjczMC1lY2FhLTExZTYtOGY4OC0zNDM2M2JjN2M0YzAiOnsiY3JlYXRlIjozMDAwMDAwMDAwMDAsImRlbGV0ZSI6MzAwMDAwMDAwMDAwLCJ1cGRhdGUiOjEyMDAwMDAwMDAwMH19",
          "dependencies": [
            "module.network.aws_eip.nat",
            "module.network.aws_internet_gateway.this",
            "module.network.aws_nat_gateway.this",
            "module.network.aws_route_table.private",
            "module.network.aws_subnet.public",
            "module.network.aws_vpc.this",
            "module.network.aws_vpc_ipv4_cidr_block_association.this"
          ],
          "create_before_destroy": true
        }
      ]
    },
    {
      "module": "module.network",
      "mode": "managed",
      "type": "aws_route",
      "name": "public_internet_gateway",
      "provider": "provider[\"registry.terraform.io/hashicorp/aws\"]",
      "instances": [
        {
          "index_key": 0,
          "schema_version": 0,
          "attributes": {
            "carrier_gateway_id": "",
            "core_network_arn": "",
            "destination_cidr_block": "0.0.0.0/0",
            "destination_ipv6_cidr_block": "",
            "destination_prefix_list_id": "",
            "egress_only_gateway_id": "",
            "gateway_id": "igw-08c624027f3db42f2",
            "id": "r-rtb-03bc150b7a2534e651080289494",
            "instance_id": "",
            "instance_owner_id": "",
            "local_gateway_id": "",
            "nat_gateway_id": "",
            "network_interface_id": "",
            "origin": "CreateRoute",
            "region": "us-east-1",
            "route_table_id": "rtb-03bc150b7a2534e65",
            "state": "active",
            "timeouts": {
              "create": "5m",
              "delete": null,
              "update": null
            },
            "transit_gateway_id": "",
            "vpc_endpoint_id": "",
            "vpc_peering_connection_id": ""
          },
          "sensitive_attributes": [],
          "private": "eyJlMmJmYjczMC1lY2FhLTExZTYtOGY4OC0zNDM2M2JjN2M0YzAiOnsiY3JlYXRlIjozMDAwMDAwMDAwMDAsImRlbGV0ZSI6MzAwMDAwMDAwMDAwLCJ1cGRhdGUiOjEyMDAwMDAwMDAwMH19",
          "dependencies": [
            "module.network.aws_internet_gateway.this",
            "module.network.aws_route_table.public",
            "module.network.aws_vpc.this",
            "module.network.aws_vpc_ipv4_cidr_block_association.this"
          ],
          "create_before_destroy": true
        }
      ]
    },
    {
      "module": "module.network",
      "mode": "managed",
      "type": "aws_route_table",
      "name": "private",
      "provider": "provider[\"registry.terraform.io/hashicorp/aws\"]",
      "instances": [
        {
          "index_key": 0,
          "schema_version": 0,
          "attributes": {
            "arn": "arn:aws:ec2:us-east-1:144776104140:route-table/rtb-0da5eb21b18fb5acb",
            "id": "rtb-0da5eb21b18fb5acb",
            "owner_id": "144776104140",
            "propagating_vgws": [],
            "region": "us-east-1",
            "route": [
              {
                "carrier_gateway_id": "",
                "cidr_block": "0.0.0.0/0",
                "core_network_arn": "",
                "destination_prefix_list_id": "",
                "egress_only_gateway_id": "",
                "gateway_id": "",
                "ipv6_cidr_block": "",
                "local_gateway_id": "",
                "nat_gateway_id": "nat-01b7f2a2afa228778",
                "network_interface_id": "",
                "transit_gateway_id": "",
                "vpc_endpoint_id": "",
                "vpc_peering_connection_id": ""
              }
            ],
            "tags": {
              "Name": "hl-vpc-private"
            },
            "tags_all": {
              "Name": "hl-vpc-private"
            },
            "timeouts": null,
            "vpc_id": "vpc-0a329bfbbe0542538"
          },
          "sensitive_attributes": [],
          "private": "eyJlMmJmYjczMC1lY2FhLTExZTYtOGY4OC0zNDM2M2JjN2M0YzAiOnsiY3JlYXRlIjozMDAwMDAwMDAwMDAsImRlbGV0ZSI6MzAwMDAwMDAwMDAwLCJ1cGRhdGUiOjEyMDAwMDAwMDAwMH19",
          "dependencies": [
            "module.network.aws_vpc.this",
            "module.network.aws_vpc_ipv4_cidr_block_association.this"
          ],
          "create_before_destroy": true
        }
      ]
    },
    {
      "module": "module.network",
      "mode": "managed",
      "type": "aws_route_table",
      "name": "public",
      "provider": "provider[\"registry.terraform.io/hashicorp/aws\"]",
      "instances": [
        {
          "index_key": 0,
          "schema_version": 0,
          "attributes": {
            "arn": "arn:aws:ec2:us-east-1:144776104140:route-table/rtb-03bc150b7a2534e65",
            "id": "rtb-03bc150b7a2534e65",
            "owner_id": "144776104140",
            "propagating_vgws": [],
            "region": "us-east-1",
            "route": [
              {
                "carrier_gateway_id": "",
                "cidr_block": "0.0.0.0/0",
                "core_network_arn": "",
                "destination_prefix_list_id": "",
                "egress_only_gateway_id": "",
                "gateway_id": "igw-08c624027f3db42f2",
                "ipv6_cidr_block": "",
                "local_gateway_id": "",
                "nat_gateway_id": "",
                "network_interface_id": "",
                "transit_gateway_id": "",
                "vpc_endpoint_id": "",
                "vpc_peering_connection_id": ""
              }
            ],
            "tags": {
              "Name": "hl-vpc-public"
            },
            "tags_all": {
              "Name": "hl-vpc-public"
            },
            "timeouts": null,
            "vpc_id": "vpc-0a329bfbbe0542538"
          },
          "sensitive_attributes": [],
          "private": "eyJlMmJmYjczMC1lY2FhLTExZTYtOGY4OC0zNDM2M2JjN2M0YzAiOnsiY3JlYXRlIjozMDAwMDAwMDAwMDAsImRlbGV0ZSI6MzAwMDAwMDAwMDAwLCJ1cGRhdGUiOjEyMDAwMDAwMDAwMH19",
          "dependencies": [
            "module.network.aws_vpc.this",
            "module.network.aws_vpc_ipv4_cidr_block_association.this"
          ],
          "create_before_destroy": true
        }
      ]
    },
    {
      "module": "module.network",
      "mode": "managed",
      "type": "aws_route_table_association",
      "name": "private",
      "provider": "provider[\"registry.terraform.io/hashicorp/aws\"]",
      "instances": [
        {
          "index_key": 0,
          "schema_version": 0,
          "attributes": {
            "gateway_id": "",
            "id": "rtbassoc-051f2adaa28cf1385",
            "region": "us-east-1",
            "route_table_id": "rtb-0da5eb21b18fb5acb",
            "subnet_id": "subnet-0e53a6a37381663e4",
            "timeouts": null
          },
          "sensitive_attributes": [],
          "private": "eyJlMmJmYjczMC1lY2FhLTExZTYtOGY4OC0zNDM2M2JjN2M0YzAiOnsiY3JlYXRlIjozMDAwMDAwMDAwMDAsImRlbGV0ZSI6MzAwMDAwMDAwMDAwLCJ1cGRhdGUiOjEyMDAwMDAwMDAwMH19",
          "dependencies": [
            "module.network.aws_route_table.private",
            "module.network.aws_subnet.private",
            "module.network.aws_vpc.this",
            "module.network.aws_vpc_ipv4_cidr_block_association.this"
          ],
          "create_before_destroy": true
        },
        {
          "index_key": 1,
          "schema_version": 0,
          "attributes": {
            "gateway_id": "",
            "id": "rtbassoc-02d3c0e2796e899bc",
            "region": "us-east-1",
            "route_table_id": "rtb-0da5eb21b18fb5acb",
            "subnet_id": "subnet-0b8e95603c91d7d47",
            "timeouts": null
          },
          "sensitive_attributes": [],
          "private": "eyJlMmJmYjczMC1lY2FhLTExZTYtOGY4OC0zNDM2M2JjN2M0YzAiOnsiY3JlYXRlIjozMDAwMDAwMDAwMDAsImRlbGV0ZSI6MzAwMDAwMDAwMDAwLCJ1cGRhdGUiOjEyMDAwMDAwMDAwMH19",
          "dependencies": [
            "module.network.aws_route_table.private",
            "module.network.aws_subnet.private",
            "module.network.aws_vpc.this",
            "module.network.aws_vpc_ipv4_cidr_block_association.this"
          ],
          "create_before_destroy": true
        }
      ]
    },
    {
      "module": "module.network",
      "mode": "managed",
      "type": "aws_route_table_association",
      "name": "public",
      "provider": "provider[\"registry.terraform.io/hashicorp/aws\"]",
      "instances": [
        {
          "index_key": 0,
          "schema_version": 0,
          "attributes": {
            "gateway_id": "",
            "id": "rtbassoc-0007457346e12e08c",
            "region": "us-east-1",
            "route_table_id": "rtb-03bc150b7a2534e65",
            "subnet_id": "subnet-0e1235f7d08135436",
            "timeouts": null
          },
          "sensitive_attributes": [],
          "private": "eyJlMmJmYjczMC1lY2FhLTExZTYtOGY4OC0zNDM2M2JjN2M0YzAiOnsiY3JlYXRlIjozMDAwMDAwMDAwMDAsImRlbGV0ZSI6MzAwMDAwMDAwMDAwLCJ1cGRhdGUiOjEyMDAwMDAwMDAwMH19",
          "dependencies": [
            "module.network.aws_route_table.public",
            "module.network.aws_subnet.public",
            "module.network.aws_vpc.this",
            "module.network.aws_vpc_ipv4_cidr_block_association.this"
          ],
          "create_before_destroy": true
        },
        {
          "index_key": 1,
          "schema_version": 0,
          "attributes": {
            "gateway_id": "",
            "id": "rtbassoc-0d7840af386b3d471",
            "region": "us-east-1",
            "route_table_id": "rtb-03bc150b7a2534e65",
            "subnet_id": "subnet-009deb9a38c209116",
            "timeouts": null
          },
          "sensitive_attributes": [],
          "private": "eyJlMmJmYjczMC1lY2FhLTExZTYtOGY4OC0zNDM2M2JjN2M0YzAiOnsiY3JlYXRlIjozMDAwMDAwMDAwMDAsImRlbGV0ZSI6MzAwMDAwMDAwMDAwLCJ1cGRhdGUiOjEyMDAwMDAwMDAwMH19",
          "dependencies": [
            "module.network.aws_route_table.public",
            "module.network.aws_subnet.public",
            "module.network.aws_vpc.this",
            "module.network.aws_vpc_ipv4_cidr_block_association.this"
          ],
          "create_before_destroy": true
        }
      ]
    },
    {
      "module": "module.network",
      "mode": "managed",
      "type": "aws_subnet",
      "name": "private",
      "provider": "provider[\"registry.terraform.io/hashicorp/aws\"]",
      "instances": [
        {
          "index_key": 0,
          "schema_version": 1,
          "attributes": {
            "arn": "arn:aws:ec2:us-east-1:144776104140:subnet/subnet-0e53a6a37381663e4",
            "assign_ipv6_address_on_creation": false,
            "availability_zone": "us-east-1a",
            "availability_zone_id": "use1-az4",
            "cidr_block": "10.0.1.0/24",
            "customer_owned_ipv4_pool": "",
            "enable_dns64": false,
            "enable_lni_at_device_index": 0,
            "enable_resource_name_dns_a_record_on_launch": false,
            "enable_resource_name_dns_aaaa_record_on_launch": false,
            "id": "subnet-0e53a6a37381663e4",
            "ipv6_cidr_block": "",
            "ipv6_cidr_block_association_id": "",
            "ipv6_native": false,
            "map_customer_owned_ip_on_launch": false,
            "map_public_ip_on_launch": false,
            "outpost_arn": "",
            "owner_id": "144776104140",
            "private_dns_hostname_type_on_launch": "ip-name",
            "region": "us-east-1",
            "tags": {
              "Name": "hl-vpc-private-us-east-1a"
            },
            "tags_all": {
              "Name": "hl-vpc-private-us-east-1a"
            },
            "timeouts": null,
            "vpc_id": "vpc-0a329bfbbe0542538"
          },
          "sensitive_attributes": [],
          "private": "eyJlMmJmYjczMC1lY2FhLTExZTYtOGY4OC0zNDM2M2JjN2M0YzAiOnsiY3JlYXRlIjo2MDAwMDAwMDAwMDAsImRlbGV0ZSI6MTIwMDAwMDAwMDAwMH0sInNjaGVtYV92ZXJzaW9uIjoiMSJ9",
          "dependencies": [
            "module.network.aws_vpc.this",
            "module.network.aws_vpc_ipv4_cidr_block_association.this"
          ],
          "create_before_destroy": true
        },
        {
          "index_key": 1,
          "schema_version": 1,
          "attributes": {
            "arn": "arn:aws:ec2:us-east-1:144776104140:subnet/subnet-0b8e95603c91d7d47",
            "assign_ipv6_address_on_creation": false,
            "availability_zone": "us-east-1b",
            "availability_zone_id": "use1-az6",
            "cidr_block": "10.0.2.0/24",
            "customer_owned_ipv4_pool": "",
            "enable_dns64": false,
            "enable_lni_at_device_index": 0,
            "enable_resource_name_dns_a_record_on_launch": false,
            "enable_resource_name_dns_aaaa_record_on_launch": false,
            "id": "subnet-0b8e95603c91d7d47",
            "ipv6_cidr_block": "",
            "ipv6_cidr_block_association_id": "",
            "ipv6_native": false,
            "map_customer_owned_ip_on_launch": false,
            "map_public_ip_on_launch": false,
            "outpost_arn": "",
            "owner_id": "144776104140",
            "private_dns_hostname_type_on_launch": "ip-name",
            "region": "us-east-1",
            "tags": {
              "Name": "hl-vpc-private-us-east-1b"
            },
            "tags_all": {
              "Name": "hl-vpc-private-us-east-1b"
            },
            "timeouts": null,
            "vpc_id": "vpc-0a329bfbbe0542538"
          },
          "sensitive_attributes": [],
          "private": "eyJlMmJmYjczMC1lY2FhLTExZTYtOGY4OC0zNDM2M2JjN2M0YzAiOnsiY3JlYXRlIjo2MDAwMDAwMDAwMDAsImRlbGV0ZSI6MTIwMDAwMDAwMDAwMH0sInNjaGVtYV92ZXJzaW9uIjoiMSJ9",
          "dependencies": [
            "module.network.aws_vpc.this",
            "module.network.aws_vpc_ipv4_cidr_block_association.this"
          ],
          "create_before_destroy": true
        }
      ]
    },
    {
      "module": "module.network",
      "mode": "managed",
      "type": "aws_subnet",
      "name": "public",
      "provider": "provider[\"registry.terraform.io/hashicorp/aws\"]",
      "instances": [
        {
          "index_key": 0,
          "schema_version": 1,
          "attributes": {
            "arn": "arn:aws:ec2:us-east-1:144776104140:subnet/subnet-0e1235f7d08135436",
            "assign_ipv6_address_on_creation": false,
            "availability_zone": "us-east-1a",
            "availability_zone_id": "use1-az4",
            "cidr_block": "10.0.101.0/24",
            "customer_owned_ipv4_pool": "",
            "enable_dns64": false,
            "enable_lni_at_device_index": 0,
            "enable_resource_name_dns_a_record_on_launch": false,
            "enable_resource_name_dns_aaaa_record_on_launch": false,
            "id": "subnet-0e1235f7d08135436",
            "ipv6_cidr_block": "",
            "ipv6_cidr_block_association_id": "",
            "ipv6_native": false,
            "map_customer_owned_ip_on_launch": false,
            "map_public_ip_on_launch": false,
            "outpost_arn": "",
            "owner_id": "144776104140",
            "private_dns_hostname_type_on_launch": "ip-name",
            "region": "us-east-1",
            "tags": {
              "Name": "hl-vpc-public-us-east-1a"
            },
            "tags_all": {
              "Name": "hl-vpc-public-us-east-1a"
            },
            "timeouts": null,
            "vpc_id": "vpc-0a329bfbbe0542538"
          },
          "sensitive_attributes": [],
          "private": "eyJlMmJmYjczMC1lY2FhLTExZTYtOGY4OC0zNDM2M2JjN2M0YzAiOnsiY3JlYXRlIjo2MDAwMDAwMDAwMDAsImRlbGV0ZSI6MTIwMDAwMDAwMDAwMH0sInNjaGVtYV92ZXJzaW9uIjoiMSJ9",
          "dependencies": [
            "module.network.aws_vpc.this",
            "module.network.aws_vpc_ipv4_cidr_block_association.this"
          ],
          "create_before_destroy": true
        },
        {
          "index_key": 1,
          "schema_version": 1,
          "attributes": {
            "arn": "arn:aws:ec2:us-east-1:144776104140:subnet/subnet-009deb9a38c209116",
            "assign_ipv6_address_on_creation": false,
            "availability_zone": "us-east-1b",
            "availability_zone_id": "use1-az6",
            "cidr_block": "10.0.102.0/24",
            "customer_owned_ipv4_pool": "",
            "enable_dns64": false,
            "enable_lni_at_device_index": 0,
            "enable_resource_name_dns_a_record_on_launch": false,
            "enable_resource_name_dns_aaaa_record_on_launch": false,
            "id": "subnet-009deb9a38c209116",
            "ipv6_cidr_block": "",
            "ipv6_cidr_block_association_id": "",
            "ipv6_native": false,
            "map_customer_owned_ip_on_launch": false,
            "map_public_ip_on_launch": false,
            "outpost_arn": "",
            "owner_id": "144776104140",
            "private_dns_hostname_type_on_launch": "ip-name",
            "region": "us-east-1",
            "tags": {
              "Name": "hl-vpc-public-us-east-1b"
            },
            "tags_all": {
              "Name": "hl-vpc-public-us-east-1b"
            },
            "timeouts": null,
            "vpc_id": "vpc-0a329bfbbe0542538"
          },
          "sensitive_attributes": [],
          "private": "eyJlMmJmYjczMC1lY2FhLTExZTYtOGY4OC0zNDM2M2JjN2M0YzAiOnsiY3JlYXRlIjo2MDAwMDAwMDAwMDAsImRlbGV0ZSI6MTIwMDAwMDAwMDAwMH0sInNjaGVtYV92ZXJzaW9uIjoiMSJ9",
          "dependencies": [
            "module.network.aws_vpc.this",
            "module.network.aws_vpc_ipv4_cidr_block_association.this"
          ],
          "create_before_destroy": true
        }
      ]
    },
    {
      "module": "module.network",
      "mode": "managed",
      "type": "aws_vpc",
      "name": "this",
      "provider": "provider[\"registry.terraform.io/hashicorp/aws\"]",
      "instances": [
        {
          "index_key": 0,
          "schema_version": 1,
          "attributes": {
            "arn": "arn:aws:ec2:us-east-1:144776104140:vpc/vpc-0a329bfbbe0542538",
            "assign_generated_ipv6_cidr_block": false,
            "cidr_block": "10.0.0.0/16",
            "default_network_acl_id": "acl-0b86ad0f258b283df",
            "default_route_table_id": "rtb-049a9f1a5beaea84f",
            "default_security_group_id": "sg-062da696b3e495a6c",
            "dhcp_options_id": "dopt-002e30beae836e11c",
            "enable_dns_hostnames": true,
            "enable_dns_support": true,
            "enable_network_address_usage_metrics": false,
            "id": "vpc-0a329bfbbe0542538",
            "instance_tenancy": "default",
            "ipv4_ipam_pool_id": null,
            "ipv4_netmask_length": null,
            "ipv6_association_id": "",
            "ipv6_cidr_block": "",
            "ipv6_cidr_block_network_border_group": "",
            "ipv6_ipam_pool_id": "",
            "ipv6_netmask_length": 0,
            "main_route_table_id": "rtb-049a9f1a5beaea84f",
            "owner_id": "144776104140",
            "region": "us-east-1",
            "tags": {
              "Name": "hl-vpc"
            },
            "tags_all": {
              "Name": "hl-vpc"
            }
          },
          "sensitive_attributes": [],
          "private": "eyJzY2hlbWFfdmVyc2lvbiI6IjEifQ==",
          "create_before_destroy": true
        }
      ]
    },
    {
      "module": "module.rds.module.db_instance",
      "mode": "data",
      "type": "aws_iam_policy_document",
      "name": "enhanced_monitoring",
      "provider": "provider[\"registry.terraform.io/hashicorp/aws\"]",
      "instances": [
        {
          "schema_version": 0,
          "attributes": {
            "id": "76086537",
            "json": "{\n  \"Version\": \"2012-10-17\",\n  \"Statement\": [\n    {\n      \"Effect\": \"Allow\",\n      \"Action\": \"sts:AssumeRole\",\n      \"Principal\": {\n        \"Service\": \"monitoring.rds.amazonaws.com\"\n      }\n    }\n  ]\n}",
            "minified_json": "{\"Version\":\"2012-10-17\",\"Statement\":[{\"Effect\":\"Allow\",\"Action\":\"sts:AssumeRole\",\"Principal\":{\"Service\":\"monitoring.rds.amazonaws.com\"}}]}",
            "override_json": null,
            "override_policy_documents": null,
            "policy_id": null,
            "source_json": null,
            "source_policy_documents": null,
            "statement": [
              {
                "actions": [
                  "sts:AssumeRole"
                ],
                "condition": [],
                "effect": "Allow",
                "not_actions": [],
                "not_principals": [],
                "not_resources": [],
                "principals": [
                  {
                    "identifiers": [
                      "monitoring.rds.amazonaws.com"
                    ],
                    "type": "Service"
                  }
                ],
                "resources": [],
                "sid": ""
              }
            ],
            "version": "2012-10-17"
          },
          "sensitive_attributes": []
        }
      ]
    },
    {
      "module": "module.rds.module.db_instance",
      "mode": "data",
      "type": "aws_partition",
      "name": "current",
      "provider": "provider[\"registry.terraform.io/hashicorp/aws\"]",
      "instances": [
        {
          "schema_version": 0,
          "attributes": {
            "dns_suffix": "amazonaws.com",
            "id": "aws",
            "partition": "aws",
            "reverse_dns_prefix": "com.amazonaws"
          },
          "sensitive_attributes": []
        }
      ]
    },
    {
      "module": "module.rds.module.db_instance",
      "mode": "managed",
      "type": "aws_db_instance",
      "name": "this",
      "provider": "provider[\"registry.terraform.io/hashicorp/aws\"]",
      "instances": [
        {
          "index_key": 0,
          "schema_version": 2,
          "attributes": {
            "address": "hl-deals-db-dev.cav0kksicv9i.us-east-1.rds.amazonaws.com",
            "allocated_storage": 20,
            "allow_major_version_upgrade": false,
            "apply_immediately": false,
            "arn": "arn:aws:rds:us-east-1:144776104140:db:hl-deals-db-dev",
            "auto_minor_version_upgrade": true,
            "availability_zone": "us-east-1b",
            "backup_retention_period": 0,
            "backup_target": "region",
            "backup_window": "04:12-04:42",
            "blue_green_update": [],
            "ca_cert_identifier": "rds-ca-rsa2048-g1",
            "character_set_name": "SQL_Latin1_General_CP1_CI_AS",
            "copy_tags_to_snapshot": false,
            "custom_iam_instance_profile": "",
            "customer_owned_ip_enabled": false,
            "database_insights_mode": "standard",
            "db_name": "",
            "db_subnet_group_name": "hl-deals-db-dev-20250910030556557700000001",
            "dedicated_log_volume": false,
            "delete_automated_backups": true,
            "deletion_protection": false,
            "domain": "",
            "domain_auth_secret_arn": "",
            "domain_dns_ips": [],
            "domain_fqdn": "",
            "domain_iam_role_name": "",
            "domain_ou": "",
            "enabled_cloudwatch_logs_exports": [],
            "endpoint": "hl-deals-db-dev.cav0kksicv9i.us-east-1.rds.amazonaws.com:1433",
            "engine": "sqlserver-ex",
            "engine_lifecycle_support": "",
            "engine_version": "15.00.4440.1.v1",
            "engine_version_actual": "15.00.4440.1.v1",
            "final_snapshot_identifier": null,
            "hosted_zone_id": "Z2R2ITUGPM61AM",
            "iam_database_authentication_enabled": false,
            "id": "db-MN54LU5NDAVIWTKSFIIAMGGRGM",
            "identifier": "hl-deals-db-dev",
            "identifier_prefix": "",
            "instance_class": "db.t3.micro",
            "iops": 0,
            "kms_key_id": "arn:aws:kms:us-east-1:144776104140:key/3df44d94-0695-4388-bbdd-9204124c654d",
            "latest_restorable_time": "",
            "license_model": "license-included",
            "listener_endpoint": [],
            "maintenance_window": "wed:03:13-wed:03:43",
            "manage_master_user_password": true,
            "master_user_secret": [],
            "master_user_secret_kms_key_id": null,
            "max_allocated_storage": 100,
            "monitoring_interval": 0,
            "monitoring_role_arn": "",
            "multi_az": false,
            "nchar_character_set_name": "",
            "network_type": "IPV4",
            "option_group_name": "hl-deals-db-dev-20250904192806355900000001",
            "parameter_group_name": "hl-deals-db-dev-20250904192806356000000002",
            "password": null,
            "password_wo": null,
            "password_wo_version": null,
            "performance_insights_enabled": false,
            "performance_insights_kms_key_id": "",
            "performance_insights_retention_period": 0,
            "port": 1433,
            "publicly_accessible": false,
            "region": "us-east-1",
            "replica_mode": "",
            "replicas": [],
            "replicate_source_db": "",
            "resource_id": "db-MN54LU5NDAVIWTKSFIIAMGGRGM",
            "restore_to_point_in_time": [],
            "s3_import": [],
            "skip_final_snapshot": true,
            "snapshot_identifier": null,
            "status": "available",
            "storage_encrypted": true,
            "storage_throughput": 0,
            "storage_type": "gp2",
            "tags": {},
            "tags_all": {},
            "timeouts": {
              "create": null,
              "delete": null,
              "update": null
            },
            "timezone": "",
            "upgrade_storage_config": null,
            "username": "hladmin",
            "vpc_security_group_ids": [
              "sg-0683168dc61d91f1b"
            ]
          },
          "sensitive_attributes": [
            [
              {
                "type": "get_attr",
                "value": "password"
              }
            ],
            [
              {
                "type": "get_attr",
                "value": "password_wo"
              }
            ]
          ],
          "private": "eyJlMmJmYjczMC1lY2FhLTExZTYtOGY4OC0zNDM2M2JjN2M0YzAiOnsiY3JlYXRlIjozMDAwMDAwMDAwMDAwLCJkZWxldGUiOjM2MDAwMDAwMDAwMDAsInVwZGF0ZSI6NDgwMDAwMDAwMDAwMH0sInNjaGVtYV92ZXJzaW9uIjoiMiJ9",
          "dependencies": [
            "aws_security_group.rds_sg",
            "module.network.aws_cloudwatch_log_group.flow_log",
            "module.network.aws_customer_gateway.this",
            "module.network.aws_db_subnet_group.database",
            "module.network.aws_default_network_acl.this",
            "module.network.aws_default_route_table.default",
            "module.network.aws_default_security_group.this",
            "module.network.aws_default_vpc.this",
            "module.network.aws_egress_only_internet_gateway.this",
            "module.network.aws_eip.nat",
            "module.network.aws_elasticache_subnet_group.elasticache",
            "module.network.aws_flow_log.this",
            "module.network.aws_iam_policy.vpc_flow_log_cloudwatch",
            "module.network.aws_iam_role.vpc_flow_log_cloudwatch",
            "module.network.aws_iam_role_policy_attachment.vpc_flow_log_cloudwatch",
            "module.network.aws_internet_gateway.this",
            "module.network.aws_nat_gateway.this",
            "module.network.aws_network_acl.database",
            "module.network.aws_network_acl.elasticache",
            "module.network.aws_network_acl.intra",
            "module.network.aws_network_acl.outpost",
            "module.network.aws_network_acl.private",
            "module.network.aws_network_acl.public",
            "module.network.aws_network_acl.redshift",
            "module.network.aws_network_acl_rule.database_inbound",
            "module.network.aws_network_acl_rule.database_outbound",
            "module.network.aws_network_acl_rule.elasticache_inbound",
            "module.network.aws_network_acl_rule.elasticache_outbound",
            "module.network.aws_network_acl_rule.intra_inbound",
            "module.network.aws_network_acl_rule.intra_outbound",
            "module.network.aws_network_acl_rule.outpost_inbound",
            "module.network.aws_network_acl_rule.outpost_outbound",
            "module.network.aws_network_acl_rule.private_inbound",
            "module.network.aws_network_acl_rule.private_outbound",
            "module.network.aws_network_acl_rule.public_inbound",
            "module.network.aws_network_acl_rule.public_outbound",
            "module.network.aws_network_acl_rule.redshift_inbound",
            "module.network.aws_network_acl_rule.redshift_outbound",
            "module.network.aws_redshift_subnet_group.redshift",
            "module.network.aws_route.database_dns64_nat_gateway",
            "module.network.aws_route.database_internet_gateway",
            "module.network.aws_route.database_ipv6_egress",
            "module.network.aws_route.database_nat_gateway",
            "module.network.aws_route.private_dns64_nat_gateway",
            "module.network.aws_route.private_ipv6_egress",
            "module.network.aws_route.private_nat_gateway",
            "module.network.aws_route.public_internet_gateway",
            "module.network.aws_route.public_internet_gateway_ipv6",
            "module.network.aws_route_table.database",
            "module.network.aws_route_table.elasticache",
            "module.network.aws_route_table.intra",
            "module.network.aws_route_table.private",
            "module.network.aws_route_table.public",
            "module.network.aws_route_table.redshift",
            "module.network.aws_route_table_association.database",
            "module.network.aws_route_table_association.elasticache",
            "module.network.aws_route_table_association.intra",
            "module.network.aws_route_table_association.outpost",
            "module.network.aws_route_table_association.private",
            "module.network.aws_route_table_association.public",
            "module.network.aws_route_table_association.redshift",
            "module.network.aws_route_table_association.redshift_public",
            "module.network.aws_subnet.database",
            "module.network.aws_subnet.elasticache",
            "module.network.aws_subnet.intra",
            "module.network.aws_subnet.outpost",
            "module.network.aws_subnet.private",
            "module.network.aws_subnet.public",
            "module.network.aws_subnet.redshift",
            "module.network.aws_vpc.this",
            "module.network.aws_vpc_block_public_access_exclusion.this",
            "module.network.aws_vpc_block_public_access_options.this",
            "module.network.aws_vpc_dhcp_options.this",
            "module.network.aws_vpc_dhcp_options_association.this",
            "module.network.aws_vpc_ipv4_cidr_block_association.this",
            "module.network.aws_vpn_gateway.this",
            "module.network.aws_vpn_gateway_attachment.this",
            "module.network.aws_vpn_gateway_route_propagation.intra",
            "module.network.aws_vpn_gateway_route_propagation.private",
            "module.network.aws_vpn_gateway_route_propagation.public",
            "module.network.data.aws_caller_identity.current",
            "module.network.data.aws_iam_policy_document.flow_log_cloudwatch_assume_role",
            "module.network.data.aws_iam_policy_document.vpc_flow_log_cloudwatch",
            "module.network.data.aws_partition.current",
            "module.network.data.aws_region.current",
            "module.rds.module.db_instance.aws_cloudwatch_log_group.this",
            "module.rds.module.db_instance.aws_iam_role.enhanced_monitoring",
            "module.rds.module.db_instance.data.aws_iam_policy_document.enhanced_monitoring",
            "module.rds.module.db_instance.random_id.snapshot_identifier",
            "module.rds.module.db_option_group.aws_db_option_group.this",
            "module.rds.module.db_parameter_group.aws_db_parameter_group.this",
            "module.rds.module.db_subnet_group.aws_db_subnet_group.this",
            "null_resource.depends_network"
          ]
        }
      ]
    },
    {
      "module": "module.rds.module.db_option_group",
      "mode": "managed",
      "type": "aws_db_option_group",
      "name": "this",
      "provider": "provider[\"registry.terraform.io/hashicorp/aws\"]",
      "instances": [
        {
          "index_key": 0,
          "schema_version": 0,
          "attributes": {
            "arn": "arn:aws:rds:us-east-1:144776104140:og:hl-deals-db-dev-20250904192806355900000001",
            "engine_name": "sqlserver-ex",
            "id": "hl-deals-db-dev-20250904192806355900000001",
            "major_engine_version": "15.00",
            "name": "hl-deals-db-dev-20250904192806355900000001",
            "name_prefix": "hl-deals-db-dev-",
            "option": [],
            "option_group_description": "hl-deals-db-dev option group",
            "region": "us-east-1",
            "skip_destroy": false,
            "tags": {
              "Name": "hl-deals-db-dev"
            },
            "tags_all": {
              "Name": "hl-deals-db-dev"
            },
            "timeouts": {
              "delete": null
            }
          },
          "sensitive_attributes": [],
          "private": "eyJlMmJmYjczMC1lY2FhLTExZTYtOGY4OC0zNDM2M2JjN2M0YzAiOnsiZGVsZXRlIjo5MDAwMDAwMDAwMDB9fQ==",
          "dependencies": [
            "module.network.aws_cloudwatch_log_group.flow_log",
            "module.network.aws_customer_gateway.this",
            "module.network.aws_db_subnet_group.database",
            "module.network.aws_default_network_acl.this",
            "module.network.aws_default_route_table.default",
            "module.network.aws_default_security_group.this",
            "module.network.aws_default_vpc.this",
            "module.network.aws_egress_only_internet_gateway.this",
            "module.network.aws_eip.nat",
            "module.network.aws_elasticache_subnet_group.elasticache",
            "module.network.aws_flow_log.this",
            "module.network.aws_iam_policy.vpc_flow_log_cloudwatch",
            "module.network.aws_iam_role.vpc_flow_log_cloudwatch",
            "module.network.aws_iam_role_policy_attachment.vpc_flow_log_cloudwatch",
            "module.network.aws_internet_gateway.this",
            "module.network.aws_nat_gateway.this",
            "module.network.aws_network_acl.database",
            "module.network.aws_network_acl.elasticache",
            "module.network.aws_network_acl.intra",
            "module.network.aws_network_acl.outpost",
            "module.network.aws_network_acl.private",
            "module.network.aws_network_acl.public",
            "module.network.aws_network_acl.redshift",
            "module.network.aws_network_acl_rule.database_inbound",
            "module.network.aws_network_acl_rule.database_outbound",
            "module.network.aws_network_acl_rule.elasticache_inbound",
            "module.network.aws_network_acl_rule.elasticache_outbound",
            "module.network.aws_network_acl_rule.intra_inbound",
            "module.network.aws_network_acl_rule.intra_outbound",
            "module.network.aws_network_acl_rule.outpost_inbound",
            "module.network.aws_network_acl_rule.outpost_outbound",
            "module.network.aws_network_acl_rule.private_inbound",
            "module.network.aws_network_acl_rule.private_outbound",
            "module.network.aws_network_acl_rule.public_inbound",
            "module.network.aws_network_acl_rule.public_outbound",
            "module.network.aws_network_acl_rule.redshift_inbound",
            "module.network.aws_network_acl_rule.redshift_outbound",
            "module.network.aws_redshift_subnet_group.redshift",
            "module.network.aws_route.database_dns64_nat_gateway",
            "module.network.aws_route.database_internet_gateway",
            "module.network.aws_route.database_ipv6_egress",
            "module.network.aws_route.database_nat_gateway",
            "module.network.aws_route.private_dns64_nat_gateway",
            "module.network.aws_route.private_ipv6_egress",
            "module.network.aws_route.private_nat_gateway",
            "module.network.aws_route.public_internet_gateway",
            "module.network.aws_route.public_internet_gateway_ipv6",
            "module.network.aws_route_table.database",
            "module.network.aws_route_table.elasticache",
            "module.network.aws_route_table.intra",
            "module.network.aws_route_table.private",
            "module.network.aws_route_table.public",
            "module.network.aws_route_table.redshift",
            "module.network.aws_route_table_association.database",
            "module.network.aws_route_table_association.elasticache",
            "module.network.aws_route_table_association.intra",
            "module.network.aws_route_table_association.outpost",
            "module.network.aws_route_table_association.private",
            "module.network.aws_route_table_association.public",
            "module.network.aws_route_table_association.redshift",
            "module.network.aws_route_table_association.redshift_public",
            "module.network.aws_subnet.database",
            "module.network.aws_subnet.elasticache",
            "module.network.aws_subnet.intra",
            "module.network.aws_subnet.outpost",
            "module.network.aws_subnet.private",
            "module.network.aws_subnet.public",
            "module.network.aws_subnet.redshift",
            "module.network.aws_vpc.this",
            "module.network.aws_vpc_block_public_access_exclusion.this",
            "module.network.aws_vpc_block_public_access_options.this",
            "module.network.aws_vpc_dhcp_options.this",
            "module.network.aws_vpc_dhcp_options_association.this",
            "module.network.aws_vpc_ipv4_cidr_block_association.this",
            "module.network.aws_vpn_gateway.this",
            "module.network.aws_vpn_gateway_attachment.this",
            "module.network.aws_vpn_gateway_route_propagation.intra",
            "module.network.aws_vpn_gateway_route_propagation.private",
            "module.network.aws_vpn_gateway_route_propagation.public",
            "module.network.data.aws_caller_identity.current",
            "module.network.data.aws_iam_policy_document.flow_log_cloudwatch_assume_role",
            "module.network.data.aws_iam_policy_document.vpc_flow_log_cloudwatch",
            "module.network.data.aws_partition.current",
            "module.network.data.aws_region.current",
            "null_resource.depends_network"
          ],
          "create_before_destroy": true
        }
      ]
    },
    {
      "module": "module.rds.module.db_parameter_group",
      "mode": "managed",
      "type": "aws_db_parameter_group",
      "name": "this",
      "provider": "provider[\"registry.terraform.io/hashicorp/aws\"]",
      "instances": [
        {
          "index_key": 0,
          "schema_version": 0,
          "attributes": {
            "arn": "arn:aws:rds:us-east-1:144776104140:pg:hl-deals-db-dev-20250904192806356000000002",
            "description": "hl-deals-db-dev parameter group",
            "family": "sqlserver-ex-15.0",
            "id": "hl-deals-db-dev-20250904192806356000000002",
            "name": "hl-deals-db-dev-20250904192806356000000002",
            "name_prefix": "hl-deals-db-dev-",
            "parameter": [],
            "region": "us-east-1",
            "skip_destroy": false,
            "tags": {
              "Name": "hl-deals-db-dev"
            },
            "tags_all": {
              "Name": "hl-deals-db-dev"
            }
          },
          "sensitive_attributes": [],
          "private": "bnVsbA==",
          "dependencies": [
            "module.network.aws_cloudwatch_log_group.flow_log",
            "module.network.aws_customer_gateway.this",
            "module.network.aws_db_subnet_group.database",
            "module.network.aws_default_network_acl.this",
            "module.network.aws_default_route_table.default",
            "module.network.aws_default_security_group.this",
            "module.network.aws_default_vpc.this",
            "module.network.aws_egress_only_internet_gateway.this",
            "module.network.aws_eip.nat",
            "module.network.aws_elasticache_subnet_group.elasticache",
            "module.network.aws_flow_log.this",
            "module.network.aws_iam_policy.vpc_flow_log_cloudwatch",
            "module.network.aws_iam_role.vpc_flow_log_cloudwatch",
            "module.network.aws_iam_role_policy_attachment.vpc_flow_log_cloudwatch",
            "module.network.aws_internet_gateway.this",
            "module.network.aws_nat_gateway.this",
            "module.network.aws_network_acl.database",
            "module.network.aws_network_acl.elasticache",
            "module.network.aws_network_acl.intra",
            "module.network.aws_network_acl.outpost",
            "module.network.aws_network_acl.private",
            "module.network.aws_network_acl.public",
            "module.network.aws_network_acl.redshift",
            "module.network.aws_network_acl_rule.database_inbound",
            "module.network.aws_network_acl_rule.database_outbound",
            "module.network.aws_network_acl_rule.elasticache_inbound",
            "module.network.aws_network_acl_rule.elasticache_outbound",
            "module.network.aws_network_acl_rule.intra_inbound",
            "module.network.aws_network_acl_rule.intra_outbound",
            "module.network.aws_network_acl_rule.outpost_inbound",
            "module.network.aws_network_acl_rule.outpost_outbound",
            "module.network.aws_network_acl_rule.private_inbound",
            "module.network.aws_network_acl_rule.private_outbound",
            "module.network.aws_network_acl_rule.public_inbound",
            "module.network.aws_network_acl_rule.public_outbound",
            "module.network.aws_network_acl_rule.redshift_inbound",
            "module.network.aws_network_acl_rule.redshift_outbound",
            "module.network.aws_redshift_subnet_group.redshift",
            "module.network.aws_route.database_dns64_nat_gateway",
            "module.network.aws_route.database_internet_gateway",
            "module.network.aws_route.database_ipv6_egress",
            "module.network.aws_route.database_nat_gateway",
            "module.network.aws_route.private_dns64_nat_gateway",
            "module.network.aws_route.private_ipv6_egress",
            "module.network.aws_route.private_nat_gateway",
            "module.network.aws_route.public_internet_gateway",
            "module.network.aws_route.public_internet_gateway_ipv6",
            "module.network.aws_route_table.database",
            "module.network.aws_route_table.elasticache",
            "module.network.aws_route_table.intra",
            "module.network.aws_route_table.private",
            "module.network.aws_route_table.public",
            "module.network.aws_route_table.redshift",
            "module.network.aws_route_table_association.database",
            "module.network.aws_route_table_association.elasticache",
            "module.network.aws_route_table_association.intra",
            "module.network.aws_route_table_association.outpost",
            "module.network.aws_route_table_association.private",
            "module.network.aws_route_table_association.public",
            "module.network.aws_route_table_association.redshift",
            "module.network.aws_route_table_association.redshift_public",
            "module.network.aws_subnet.database",
            "module.network.aws_subnet.elasticache",
            "module.network.aws_subnet.intra",
            "module.network.aws_subnet.outpost",
            "module.network.aws_subnet.private",
            "module.network.aws_subnet.public",
            "module.network.aws_subnet.redshift",
            "module.network.aws_vpc.this",
            "module.network.aws_vpc_block_public_access_exclusion.this",
            "module.network.aws_vpc_block_public_access_options.this",
            "module.network.aws_vpc_dhcp_options.this",
            "module.network.aws_vpc_dhcp_options_association.this",
            "module.network.aws_vpc_ipv4_cidr_block_association.this",
            "module.network.aws_vpn_gateway.this",
            "module.network.aws_vpn_gateway_attachment.this",
            "module.network.aws_vpn_gateway_route_propagation.intra",
            "module.network.aws_vpn_gateway_route_propagation.private",
            "module.network.aws_vpn_gateway_route_propagation.public",
            "module.network.data.aws_caller_identity.current",
            "module.network.data.aws_iam_policy_document.flow_log_cloudwatch_assume_role",
            "module.network.data.aws_iam_policy_document.vpc_flow_log_cloudwatch",
            "module.network.data.aws_partition.current",
            "module.network.data.aws_region.current",
            "null_resource.depends_network"
          ],
          "create_before_destroy": true
        }
      ]
    },
    {
      "module": "module.rds.module.db_subnet_group",
      "mode": "managed",
      "type": "aws_db_subnet_group",
      "name": "this",
      "provider": "provider[\"registry.terraform.io/hashicorp/aws\"]",
      "instances": [
        {
          "index_key": 0,
          "schema_version": 0,
          "attributes": {
            "arn": "arn:aws:rds:us-east-1:144776104140:subgrp:hl-deals-db-dev-20250910030556557700000001",
            "description": "hl-deals-db-dev subnet group",
            "id": "hl-deals-db-dev-20250910030556557700000001",
            "name": "hl-deals-db-dev-20250910030556557700000001",
            "name_prefix": "hl-deals-db-dev-",
            "region": "us-east-1",
            "subnet_ids": [
              "subnet-0b8e95603c91d7d47",
              "subnet-0e53a6a37381663e4"
            ],
            "supported_network_types": [
              "IPV4"
            ],
            "tags": {
              "Name": "hl-deals-db-dev"
            },
            "tags_all": {
              "Name": "hl-deals-db-dev"
            },
            "vpc_id": "vpc-0a329bfbbe0542538"
          },
          "sensitive_attributes": [],
          "private": "bnVsbA==",
          "dependencies": [
            "module.network.aws_cloudwatch_log_group.flow_log",
            "module.network.aws_customer_gateway.this",
            "module.network.aws_db_subnet_group.database",
            "module.network.aws_default_network_acl.this",
            "module.network.aws_default_route_table.default",
            "module.network.aws_default_security_group.this",
            "module.network.aws_default_vpc.this",
            "module.network.aws_egress_only_internet_gateway.this",
            "module.network.aws_eip.nat",
            "module.network.aws_elasticache_subnet_group.elasticache",
            "module.network.aws_flow_log.this",
            "module.network.aws_iam_policy.vpc_flow_log_cloudwatch",
            "module.network.aws_iam_role.vpc_flow_log_cloudwatch",
            "module.network.aws_iam_role_policy_attachment.vpc_flow_log_cloudwatch",
            "module.network.aws_internet_gateway.this",
            "module.network.aws_nat_gateway.this",
            "module.network.aws_network_acl.database",
            "module.network.aws_network_acl.elasticache",
            "module.network.aws_network_acl.intra",
            "module.network.aws_network_acl.outpost",
            "module.network.aws_network_acl.private",
            "module.network.aws_network_acl.public",
            "module.network.aws_network_acl.redshift",
            "module.network.aws_network_acl_rule.database_inbound",
            "module.network.aws_network_acl_rule.database_outbound",
            "module.network.aws_network_acl_rule.elasticache_inbound",
            "module.network.aws_network_acl_rule.elasticache_outbound",
            "module.network.aws_network_acl_rule.intra_inbound",
            "module.network.aws_network_acl_rule.intra_outbound",
            "module.network.aws_network_acl_rule.outpost_inbound",
            "module.network.aws_network_acl_rule.outpost_outbound",
            "module.network.aws_network_acl_rule.private_inbound",
            "module.network.aws_network_acl_rule.private_outbound",
            "module.network.aws_network_acl_rule.public_inbound",
            "module.network.aws_network_acl_rule.public_outbound",
            "module.network.aws_network_acl_rule.redshift_inbound",
            "module.network.aws_network_acl_rule.redshift_outbound",
            "module.network.aws_redshift_subnet_group.redshift",
            "module.network.aws_route.database_dns64_nat_gateway",
            "module.network.aws_route.database_internet_gateway",
            "module.network.aws_route.database_ipv6_egress",
            "module.network.aws_route.database_nat_gateway",
            "module.network.aws_route.private_dns64_nat_gateway",
            "module.network.aws_route.private_ipv6_egress",
            "module.network.aws_route.private_nat_gateway",
            "module.network.aws_route.public_internet_gateway",
            "module.network.aws_route.public_internet_gateway_ipv6",
            "module.network.aws_route_table.database",
            "module.network.aws_route_table.elasticache",
            "module.network.aws_route_table.intra",
            "module.network.aws_route_table.private",
            "module.network.aws_route_table.public",
            "module.network.aws_route_table.redshift",
            "module.network.aws_route_table_association.database",
            "module.network.aws_route_table_association.elasticache",
            "module.network.aws_route_table_association.intra",
            "module.network.aws_route_table_association.outpost",
            "module.network.aws_route_table_association.private",
            "module.network.aws_route_table_association.public",
            "module.network.aws_route_table_association.redshift",
            "module.network.aws_route_table_association.redshift_public",
            "module.network.aws_subnet.database",
            "module.network.aws_subnet.elasticache",
            "module.network.aws_subnet.intra",
            "module.network.aws_subnet.outpost",
            "module.network.aws_subnet.private",
            "module.network.aws_subnet.public",
            "module.network.aws_subnet.redshift",
            "module.network.aws_vpc.this",
            "module.network.aws_vpc_block_public_access_exclusion.this",
            "module.network.aws_vpc_block_public_access_options.this",
            "module.network.aws_vpc_dhcp_options.this",
            "module.network.aws_vpc_dhcp_options_association.this",
            "module.network.aws_vpc_ipv4_cidr_block_association.this",
            "module.network.aws_vpn_gateway.this",
            "module.network.aws_vpn_gateway_attachment.this",
            "module.network.aws_vpn_gateway_route_propagation.intra",
            "module.network.aws_vpn_gateway_route_propagation.private",
            "module.network.aws_vpn_gateway_route_propagation.public",
            "module.network.data.aws_caller_identity.current",
            "module.network.data.aws_iam_policy_document.flow_log_cloudwatch_assume_role",
            "module.network.data.aws_iam_policy_document.vpc_flow_log_cloudwatch",
            "module.network.data.aws_partition.current",
            "module.network.data.aws_region.current",
            "null_resource.depends_network"
          ]
        }
      ]
    },
    {
      "module": "module.s3_frontend",
      "mode": "data",
      "type": "aws_caller_identity",
      "name": "current",
      "provider": "provider[\"registry.terraform.io/hashicorp/aws\"]",
      "instances": [
        {
          "schema_version": 0,
          "attributes": {
            "account_id": "144776104140",
            "arn": "arn:aws:iam::144776104140:user/juansuperman",
            "id": "144776104140",
            "user_id": "AIDASDNKUBDGEZIIORA5B"
          },
          "sensitive_attributes": []
        }
      ]
    },
    {
      "module": "module.s3_frontend",
      "mode": "data",
      "type": "aws_iam_policy_document",
      "name": "combined",
      "provider": "provider[\"registry.terraform.io/hashicorp/aws\"]",
      "instances": [
        {
          "index_key": 0,
          "schema_version": 0,
          "attributes": {
            "id": "353363987",
            "json": "{\n  \"Version\": \"2012-10-17\",\n  \"Statement\": [\n    {\n      \"Sid\": \"AllowPublicRead\",\n      \"Effect\": \"Allow\",\n      \"Action\": [\n        \"s3:GetObject\"\n      ],\n      \"Resource\": [\n        \"arn:aws:s3:::hl-deals-web-dev/*\"\n      ],\n      \"Principal\": \"*\"\n    }\n  ]\n}",
            "minified_json": "{\"Version\":\"2012-10-17\",\"Statement\":[{\"Sid\":\"AllowPublicRead\",\"Effect\":\"Allow\",\"Action\":[\"s3:GetObject\"],\"Resource\":[\"arn:aws:s3:::hl-deals-web-dev/*\"],\"Principal\":\"*\"}]}",
            "override_json": null,
            "override_policy_documents": null,
            "policy_id": null,
            "source_json": null,
            "source_policy_documents": [
              "{\"Statement\":[{\"Action\":[\"s3:GetObject\"],\"Effect\":\"Allow\",\"Principal\":\"*\",\"Resource\":[\"arn:aws:s3:::hl-deals-web-dev/*\"],\"Sid\":\"AllowPublicRead\"}],\"Version\":\"2012-10-17\"}"
            ],
            "statement": null,
            "version": "2012-10-17"
          },
          "sensitive_attributes": []
        }
      ]
    },
    {
      "module": "module.s3_frontend",
      "mode": "data",
      "type": "aws_partition",
      "name": "current",
      "provider": "provider[\"registry.terraform.io/hashicorp/aws\"]",
      "instances": [
        {
          "schema_version": 0,
          "attributes": {
            "dns_suffix": "amazonaws.com",
            "id": "aws",
            "partition": "aws",
            "reverse_dns_prefix": "com.amazonaws"
          },
          "sensitive_attributes": []
        }
      ]
    },
    {
      "module": "module.s3_frontend",
      "mode": "data",
      "type": "aws_region",
      "name": "current",
      "provider": "provider[\"registry.terraform.io/hashicorp/aws\"]",
      "instances": [
        {
          "schema_version": 0,
          "attributes": {
            "description": "US East (N. Virginia)",
            "endpoint": "ec2.us-east-1.amazonaws.com",
            "id": "us-east-1",
            "name": "us-east-1",
            "region": "us-east-1"
          },
          "sensitive_attributes": []
        }
      ]
    },
    {
      "module": "module.s3_frontend",
      "mode": "managed",
      "type": "aws_s3_bucket",
      "name": "this",
      "provider": "provider[\"registry.terraform.io/hashicorp/aws\"]",
      "instances": [
        {
          "index_key": 0,
          "schema_version": 0,
          "attributes": {
            "acceleration_status": "",
            "acl": null,
            "arn": "arn:aws:s3:::hl-deals-web-dev",
            "bucket": "hl-deals-web-dev",
            "bucket_domain_name": "hl-deals-web-dev.s3.amazonaws.com",
            "bucket_prefix": "",
            "bucket_region": "us-east-1",
            "bucket_regional_domain_name": "hl-deals-web-dev.s3.us-east-1.amazonaws.com",
            "cors_rule": [],
            "force_destroy": false,
            "grant": [
              {
                "id": "93b705e3ee8ba9e916ea1da74ba1acd17ca4314977ea76aadc45c4e90d2ff7fe",
                "permissions": [
                  "FULL_CONTROL"
                ],
                "type": "CanonicalUser",
                "uri": ""
              }
            ],
            "hosted_zone_id": "Z3AQBSTGFYJSTF",
            "id": "hl-deals-web-dev",
            "lifecycle_rule": [],
            "logging": [],
            "object_lock_configuration": [],
            "object_lock_enabled": false,
            "policy": "{\"Statement\":[{\"Action\":\"s3:GetObject\",\"Effect\":\"Allow\",\"Principal\":\"*\",\"Resource\":\"arn:aws:s3:::hl-deals-web-dev/*\",\"Sid\":\"AllowPublicRead\"}],\"Version\":\"2012-10-17\"}",
            "region": "us-east-1",
            "replication_configuration": [],
            "request_payer": "BucketOwner",
            "server_side_encryption_configuration": [
              {
                "rule": [
                  {
                    "apply_server_side_encryption_by_default": [
                      {
                        "kms_master_key_id": "",
                        "sse_algorithm": "AES256"
                      }
                    ],
                    "bucket_key_enabled": false
                  }
                ]
              }
            ],
            "tags": {
              "Project": "hl-showcase"
            },
            "tags_all": {
              "Project": "hl-showcase"
            },
            "timeouts": null,
            "versioning": [
              {
                "enabled": false,
                "mfa_delete": false
              }
            ],
            "website": [
              {
                "error_document": "index.html",
                "index_document": "index.html",
                "redirect_all_requests_to": "",
                "routing_rules": ""
              }
            ],
            "website_domain": "s3-website-us-east-1.amazonaws.com",
            "website_endpoint": "hl-deals-web-dev.s3-website-us-east-1.amazonaws.com"
          },
          "sensitive_attributes": [],
          "private": "eyJlMmJmYjczMC1lY2FhLTExZTYtOGY4OC0zNDM2M2JjN2M0YzAiOnsiY3JlYXRlIjoxMjAwMDAwMDAwMDAwLCJkZWxldGUiOjM2MDAwMDAwMDAwMDAsInJlYWQiOjEyMDAwMDAwMDAwMDAsInVwZGF0ZSI6MTIwMDAwMDAwMDAwMH19"
        }
      ]
    },
    {
      "module": "module.s3_frontend",
      "mode": "managed",
      "type": "aws_s3_bucket_ownership_controls",
      "name": "this",
      "provider": "provider[\"registry.terraform.io/hashicorp/aws\"]",
      "instances": [
        {
          "index_key": 0,
          "schema_version": 0,
          "attributes": {
            "bucket": "hl-deals-web-dev",
            "id": "hl-deals-web-dev",
            "region": "us-east-1",
            "rule": [
              {
                "object_ownership": "BucketOwnerEnforced"
              }
            ]
          },
          "sensitive_attributes": [],
          "private": "bnVsbA==",
          "dependencies": [
            "module.s3_frontend.aws_s3_bucket.this",
            "module.s3_frontend.aws_s3_bucket_policy.this",
            "module.s3_frontend.aws_s3_bucket_public_access_block.this",
            "module.s3_frontend.data.aws_caller_identity.current",
            "module.s3_frontend.data.aws_iam_policy_document.access_log_delivery",
            "module.s3_frontend.data.aws_iam_policy_document.combined",
            "module.s3_frontend.data.aws_iam_policy_document.deny_incorrect_encryption_headers",
            "module.s3_frontend.data.aws_iam_policy_document.deny_incorrect_kms_key_sse",
            "module.s3_frontend.data.aws_iam_policy_document.deny_insecure_transport",
            "module.s3_frontend.data.aws_iam_policy_document.deny_unencrypted_object_uploads",
            "module.s3_frontend.data.aws_iam_policy_document.elb_log_delivery",
            "module.s3_frontend.data.aws_iam_policy_document.inventory_and_analytics_destination_policy",
            "module.s3_frontend.data.aws_iam_policy_document.lb_log_delivery",
            "module.s3_frontend.data.aws_iam_policy_document.require_latest_tls",
            "module.s3_frontend.data.aws_partition.current",
            "module.s3_frontend.data.aws_region.current"
          ]
        }
      ]
    },
    {
      "module": "module.s3_frontend",
      "mode": "managed",
      "type": "aws_s3_bucket_policy",
      "name": "this",
      "provider": "provider[\"registry.terraform.io/hashicorp/aws\"]",
      "instances": [
        {
          "index_key": 0,
          "schema_version": 0,
          "attributes": {
            "bucket": "hl-deals-web-dev",
            "id": "hl-deals-web-dev",
            "policy": "{\"Statement\":[{\"Action\":[\"s3:GetObject\"],\"Effect\":\"Allow\",\"Principal\":\"*\",\"Resource\":[\"arn:aws:s3:::hl-deals-web-dev/*\"],\"Sid\":\"AllowPublicRead\"}],\"Version\":\"2012-10-17\"}",
            "region": "us-east-1"
          },
          "sensitive_attributes": [],
          "private": "bnVsbA==",
          "dependencies": [
            "module.s3_frontend.aws_s3_bucket.this",
            "module.s3_frontend.aws_s3_bucket_public_access_block.this",
            "module.s3_frontend.data.aws_caller_identity.current",
            "module.s3_frontend.data.aws_iam_policy_document.access_log_delivery",
            "module.s3_frontend.data.aws_iam_policy_document.combined",
            "module.s3_frontend.data.aws_iam_policy_document.deny_incorrect_encryption_headers",
            "module.s3_frontend.data.aws_iam_policy_document.deny_incorrect_kms_key_sse",
            "module.s3_frontend.data.aws_iam_policy_document.deny_insecure_transport",
            "module.s3_frontend.data.aws_iam_policy_document.deny_unencrypted_object_uploads",
            "module.s3_frontend.data.aws_iam_policy_document.elb_log_delivery",
            "module.s3_frontend.data.aws_iam_policy_document.inventory_and_analytics_destination_policy",
            "module.s3_frontend.data.aws_iam_policy_document.lb_log_delivery",
            "module.s3_frontend.data.aws_iam_policy_document.require_latest_tls",
            "module.s3_frontend.data.aws_partition.current",
            "module.s3_frontend.data.aws_region.current"
          ]
        }
      ]
    },
    {
      "module": "module.s3_frontend",
      "mode": "managed",
      "type": "aws_s3_bucket_public_access_block",
      "name": "this",
      "provider": "provider[\"registry.terraform.io/hashicorp/aws\"]",
      "instances": [
        {
          "index_key": 0,
          "schema_version": 0,
          "attributes": {
            "block_public_acls": true,
            "block_public_policy": false,
            "bucket": "hl-deals-web-dev",
            "id": "hl-deals-web-dev",
            "ignore_public_acls": true,
            "region": "us-east-1",
            "restrict_public_buckets": false,
            "skip_destroy": false
          },
          "sensitive_attributes": [],
          "private": "bnVsbA==",
          "dependencies": [
            "module.s3_frontend.aws_s3_bucket.this"
          ]
        }
      ]
    },
    {
      "module": "module.s3_frontend",
      "mode": "managed",
      "type": "aws_s3_bucket_website_configuration",
      "name": "this",
      "provider": "provider[\"registry.terraform.io/hashicorp/aws\"]",
      "instances": [
        {
          "index_key": 0,
          "schema_version": 0,
          "attributes": {
            "bucket": "hl-deals-web-dev",
            "error_document": [
              {
                "key": "index.html"
              }
            ],
            "expected_bucket_owner": "",
            "id": "hl-deals-web-dev",
            "index_document": [
              {
                "suffix": "index.html"
              }
            ],
            "redirect_all_requests_to": [],
            "region": "us-east-1",
            "routing_rule": [],
            "routing_rules": "",
            "website_domain": "s3-website-us-east-1.amazonaws.com",
            "website_endpoint": "hl-deals-web-dev.s3-website-us-east-1.amazonaws.com"
          },
          "sensitive_attributes": [],
          "private": "bnVsbA==",
          "dependencies": [
            "module.s3_frontend.aws_s3_bucket.this"
          ]
        }
      ]
    }
  ],
  "check_results": null
}
